speakeasyVersion: 1.435.1
sources:
    mistral-azure-source:
        sourceNamespace: mistral-openapi-azure
        sourceRevisionDigest: sha256:d270730b5f958d26cdcc68e15dc4cc24caa906e2805ae2d28cfefee20d9e51cb
        sourceBlobDigest: sha256:68eb775dd64f4c0dff0b1f9155882e9ddafa20844aac0e467ba2171ef61b3e42
        tags:
            - latest
            - main
    mistral-google-cloud-source:
        sourceNamespace: mistral-openapi-google-cloud
        sourceRevisionDigest: sha256:b2ce8e0e63674ea7ccfa3a75ff231bb97a39748331bcc0a3629f29c158f5b31e
        sourceBlobDigest: sha256:a895adbf903776492b28daa3dd8c624f509decbbfe9ca6cda6510a33226604be
        tags:
            - latest
            - main
    mistral-openapi:
        sourceNamespace: mistral-openapi
        sourceRevisionDigest: sha256:e658442ebfc83351cbb7873fb17b03f07ff9edebd8eddfce5577e2c5c7bfafce
        sourceBlobDigest: sha256:559403eaaa97c021eaf0022adddb1066694d879a946c87057e942806d5a2a2a2
        tags:
            - latest
            - main
targets:
    mistralai-azure-sdk:
        source: mistral-azure-source
        sourceNamespace: mistral-openapi-azure
        sourceRevisionDigest: sha256:d270730b5f958d26cdcc68e15dc4cc24caa906e2805ae2d28cfefee20d9e51cb
        sourceBlobDigest: sha256:68eb775dd64f4c0dff0b1f9155882e9ddafa20844aac0e467ba2171ef61b3e42
        codeSamplesNamespace: mistral-openapi-azure-code-samples
        codeSamplesRevisionDigest: sha256:abe5d0707960e62518f975441e888262c2cd2944e8dc92a9d1af75fa3015554f
    mistralai-gcp-sdk:
        source: mistral-google-cloud-source
        sourceNamespace: mistral-openapi-google-cloud
        sourceRevisionDigest: sha256:b2ce8e0e63674ea7ccfa3a75ff231bb97a39748331bcc0a3629f29c158f5b31e
        sourceBlobDigest: sha256:a895adbf903776492b28daa3dd8c624f509decbbfe9ca6cda6510a33226604be
        codeSamplesNamespace: mistral-openapi-google-cloud-code-samples
        codeSamplesRevisionDigest: sha256:5126fed27553befa9735d0e0c2abdc089d6f6a22efe89475df630e375b496241
    mistralai-sdk:
        source: mistral-openapi
        sourceNamespace: mistral-openapi
        sourceRevisionDigest: sha256:e658442ebfc83351cbb7873fb17b03f07ff9edebd8eddfce5577e2c5c7bfafce
        sourceBlobDigest: sha256:559403eaaa97c021eaf0022adddb1066694d879a946c87057e942806d5a2a2a2
        codeSamplesNamespace: mistral-openapi-code-samples
        codeSamplesRevisionDigest: sha256:040e9e9020d7edd595d15e2879b2bc64e21dc00bea1952375373fef9e132f2fe
workflow:
    workflowVersion: 1.0.0
    speakeasyVersion: latest
    sources:
        mistral-azure-source:
            inputs:
                - location: registry.speakeasyapi.dev/mistral-dev/mistral-dev/mistral-openapi-azure:main
            registry:
                location: registry.speakeasyapi.dev/mistral-dev/mistral-dev/mistral-openapi-azure:main
        mistral-google-cloud-source:
            inputs:
                - location: registry.speakeasyapi.dev/mistral-dev/mistral-dev/mistral-openapi-google-cloud:main
            registry:
                location: registry.speakeasyapi.dev/mistral-dev/mistral-dev/mistral-openapi-google-cloud:main
        mistral-openapi:
            inputs:
                - location: registry.speakeasyapi.dev/mistral-dev/mistral-dev/mistral-openapi:main
            registry:
                location: registry.speakeasyapi.dev/mistral-dev/mistral-dev/mistral-openapi:main
    targets:
        mistralai-azure-sdk:
            target: typescript
            source: mistral-azure-source
            output: ./packages/mistralai-azure
            publish:
                npm:
                    token: $npm_token
            codeSamples:
                registry:
                    location: registry.speakeasyapi.dev/mistral-dev/mistral-dev/mistral-openapi-azure-code-samples
                blocking: false
        mistralai-gcp-sdk:
            target: typescript
            source: mistral-google-cloud-source
            output: ./packages/mistralai-gcp
            publish:
                npm:
                    token: $npm_token
            codeSamples:
                registry:
                    location: registry.speakeasyapi.dev/mistral-dev/mistral-dev/mistral-openapi-google-cloud-code-samples
                blocking: false
        mistralai-sdk:
            target: typescript
            source: mistral-openapi
            publish:
                npm:
                    token: $npm_token
            codeSamples:
                registry:
                    location: registry.speakeasyapi.dev/mistral-dev/mistral-dev/mistral-openapi-code-samples
                blocking: false
