speakeasyVersion: 1.749.1
sources:
    mistral-azure-source:
        sourceNamespace: mistral-openapi-azure
        sourceRevisionDigest: sha256:eb584bef8819a419b935679527b6838fb3cb16ed3d9ac30ffdbcccd69dd28224
        sourceBlobDigest: sha256:251eee6f6a9efa782b56bcbf1e12a8205d7118e711043c74cea6630da8b82333
        tags:
            - latest
    mistral-google-cloud-source:
        sourceNamespace: mistral-openapi-google-cloud
        sourceRevisionDigest: sha256:a26a4e4080caf44f059870fa7a62b6b5dbb83007c2ba8bf45268deefdfdccc51
        sourceBlobDigest: sha256:b66d30e14ef9f0fe86f9a88fb57d16ef581177625f0061d5f0ff83b4db7a8840
        tags:
            - latest
    mistral-openapi:
        sourceNamespace: mistral-openapi
        sourceRevisionDigest: sha256:825f4195f6e60160573622a86aa8a339ba1befe1c82c763530b68bb21f1c0fa2
        sourceBlobDigest: sha256:95b8b374d6434123b6bd7bf79ebf2b6201ba15aa186779ff8780ab4c3589dad9
        tags:
            - latest
targets:
    mistralai-azure-sdk:
        source: mistral-azure-source
        sourceNamespace: mistral-openapi-azure
        sourceRevisionDigest: sha256:eb584bef8819a419b935679527b6838fb3cb16ed3d9ac30ffdbcccd69dd28224
        sourceBlobDigest: sha256:251eee6f6a9efa782b56bcbf1e12a8205d7118e711043c74cea6630da8b82333
        codeSamplesNamespace: mistral-openapi-azure-code-samples
        codeSamplesRevisionDigest: sha256:2de7519a86158eb3cf99b91c2c1a21d6aeee782ad19e2574769b08ee0f49adfd
    mistralai-gcp-sdk:
        source: mistral-google-cloud-source
        sourceNamespace: mistral-openapi-google-cloud
        sourceRevisionDigest: sha256:a26a4e4080caf44f059870fa7a62b6b5dbb83007c2ba8bf45268deefdfdccc51
        sourceBlobDigest: sha256:b66d30e14ef9f0fe86f9a88fb57d16ef581177625f0061d5f0ff83b4db7a8840
        codeSamplesNamespace: mistral-openapi-google-cloud-code-samples
        codeSamplesRevisionDigest: sha256:421ac6458a30371440d666c67b13fad753eed2fd39a973fbf6cbccae0d17e1f7
    mistralai-sdk:
        source: mistral-openapi
        sourceNamespace: mistral-openapi
        sourceRevisionDigest: sha256:825f4195f6e60160573622a86aa8a339ba1befe1c82c763530b68bb21f1c0fa2
        sourceBlobDigest: sha256:95b8b374d6434123b6bd7bf79ebf2b6201ba15aa186779ff8780ab4c3589dad9
        codeSamplesNamespace: mistral-openapi-code-samples
        codeSamplesRevisionDigest: sha256:fdecbb7c69de9aca9caab415272704bf64356641b80c1ba116c167da28d194ee
workflow:
    workflowVersion: 1.0.0
    speakeasyVersion: v1.690.1
    sources:
        mistral-azure-source:
            inputs:
                - location: registry.speakeasyapi.dev/mistral-dev/mistral-dev/mistral-openapi-azure:v1
            output: ./packages/mistralai-azure/.speakeasy/azure.out.openapi.yaml
        mistral-google-cloud-source:
            inputs:
                - location: registry.speakeasyapi.dev/mistral-dev/mistral-dev/mistral-openapi-google-cloud:v1
            output: ./packages/mistralai-gcp/.speakeasy/gcp.out.openapi.yaml
        mistral-openapi:
            inputs:
                - location: registry.speakeasyapi.dev/mistral-dev/mistral-dev/mistral-openapi:v1
            output: .speakeasy/main.out.openapi.yaml
    targets:
        mistralai-azure-sdk:
            target: typescript
            source: mistral-azure-source
            output: ./packages/mistralai-azure
            publish:
                npm:
                    token: $npm_token
            codeSamples:
                registry:
                    location: registry.speakeasyapi.dev/mistral-dev/mistral-dev/mistral-openapi-azure-code-samples
                blocking: false
        mistralai-gcp-sdk:
            target: typescript
            source: mistral-google-cloud-source
            output: ./packages/mistralai-gcp
            publish:
                npm:
                    token: $npm_token
            codeSamples:
                registry:
                    location: registry.speakeasyapi.dev/mistral-dev/mistral-dev/mistral-openapi-google-cloud-code-samples
                blocking: false
        mistralai-sdk:
            target: typescript
            source: mistral-openapi
            publish:
                npm:
                    token: $npm_token
            codeSamples:
                registry:
                    location: registry.speakeasyapi.dev/mistral-dev/mistral-dev/mistral-openapi-code-samples
                blocking: false
