lockVersion: ""
id: ""
management:
  docChecksum: 6f32cd54fc5f3d2a609ff3933cbf34b8
  docVersion: 1.0.0
  speakeasyVersion: 1.729.0
  generationVersion: 2.841.0
  releaseVersion: 2.0.0-alpha.1
  configChecksum: 806a572faa7f360ef84efa2e15c75a90
  published: true
persistentEdits:
  generation_id: 0652e7bb-db94-4426-a986-acd329d4d1f5
  pristine_commit_hash: aa8d6a281ca94f2dc3d6f80296e2e4d6f2601b99
  pristine_tree_hash: 492e590e170f10f037869567ca1eb9a7918bacaa
features:
  typescript:
    additionalDependencies: 0.1.0
    additionalProperties: 0.1.3
    constsAndDefaults: 0.1.14
    core: 3.26.34
    defaultEnabledRetries: 0.1.0
    enumUnions: 0.1.0
    envVarSecurityUsage: 0.1.2
    examples: 2.82.4
    globalSecurity: 2.82.15
    globalSecurityCallbacks: 0.1.0
    globalSecurityFlattening: 0.1.1
    globalServerURLs: 2.83.0
    includes: 2.81.1
    nameOverrides: 2.81.4
    nullables: 0.1.1
    openEnums: 0.1.2
    responseFormat: 0.3.0
    retries: 2.83.0
    sdkHooks: 0.4.0
    serverEvents: 0.1.14
    serverEventsSentinels: 0.1.0
    serverIDs: 2.81.2
    unions: 2.86.4
trackedFiles:
  .gitattributes:
    id: 24139dae6567
    last_write_checksum: sha1:26d16d8297b104945139da8c25bd38feeaad3e25
    pristine_git_object: 113eead5093c17d43a46159132885318f281a68a
  .npmignore:
    id: aa70c1f807c3
    last_write_checksum: sha1:425e91786e3b6cddd2b364bf3f9f9cd38e3c3e1a
    pristine_git_object: 134e78a629b846b88e408199011801852bacc600
  FUNCTIONS.md:
    id: 21b9df02aaeb
    last_write_checksum: sha1:b766ad0f7382d6546a8516ef4b4efee4972c35aa
    pristine_git_object: d26d045e716cc84fe6230fc1ac0042bea0f2f5f5
  RUNTIMES.md:
    id: 620c490847b6
    last_write_checksum: sha1:e45b854f02c357cbcfdb8c3663000e8339e16505
    pristine_git_object: 27731c3b5ace66bedc454ed5acbe15075aacd3dc
  docs/lib/utils/retryconfig.md:
    id: 0ce9707cb848
    last_write_checksum: sha1:bc4454e196fcd219f5a78da690375a884f5ed07b
    pristine_git_object: 08f95f4552349360b2c0b01802aa71ec3a55d2c2
  docs/models/components/arguments.md:
    id: e36c467a2859
    last_write_checksum: sha1:b2445f7e9a3c889f39f61f28a2297eff1ea14699
    pristine_git_object: 5a99a08949f0274cfdc02093477abb45c9788e13
  docs/models/components/assistant-message-content.md:
    id: 6d8733e0d237
    last_write_checksum: sha1:dbd23136208030edc777cbff3f042c559c90aaf0
    pristine_git_object: 7918f1c957fc51e76cb51e17de433fd73ffeddf5
  docs/models/components/assistant-message.md:
    id: 9c27bc465990
    last_write_checksum: sha1:c17636eb8aa7c10b1b88545a69f044e1f199d97e
    pristine_git_object: 65570c9c9e2252714a7d04a7eae53040ff908dcb
  docs/models/components/built-in-connectors.md:
    id: 7b6d3adc26b8
    last_write_checksum: sha1:77f66e409ca293dfc7f59f4c82133a89d0153140
    pristine_git_object: 9eb5e6c02a91010451de678e905275b945640385
  docs/models/components/chat-completion-choice-finish-reason.md:
    id: 4dd467299414
    last_write_checksum: sha1:41c3459d0c99a6b3e5f52130b01a1c14c8c98f69
    pristine_git_object: b898e85ab46c7fee8da718cd1af114a3c9ea9dfb
  docs/models/components/chat-completion-choice.md:
    id: 9431adf1fc97
    last_write_checksum: sha1:4b6eb1b26024242491f4101ca72f5056e59025c8
    pristine_git_object: 34529fbaacdb587c1fe5b718151e25bc3b9cda2e
  docs/models/components/chat-completion-request-messages.md:
    id: edbf37c930bb
    last_write_checksum: sha1:1ecfb31c847b49729408b77a2f84b5a2406396a5
    pristine_git_object: 74f3693484b1ec8d6c8f73aad4a5b354e6fd9508
  docs/models/components/chat-completion-request-stop.md:
    id: 3c843874961f
    last_write_checksum: sha1:f4d543895c3fe0442b23238622c03b78c71d7389
    pristine_git_object: e935025f3ceb75c9b1e0d15f7cdc0f3bd1093a67
  docs/models/components/chat-completion-request-tool-choice.md:
    id: 0afe8f193b42
    last_write_checksum: sha1:7897f69a79ba218ff66bc1ad3811be304475a67c
    pristine_git_object: df5121630ecc7030aa06c7b760f5cd4595543782
  docs/models/components/chat-completion-request.md:
    id: 65178e2853db
    last_write_checksum: sha1:c24d323a929fa2c89a8d3ebd51ede3a64270dfda
    pristine_git_object: 9f45f93b0cf3355163b1bee9b4ba50c904272905
  docs/models/components/chat-completion-response.md:
    id: 3fce7d3e4b4a
    last_write_checksum: sha1:dba4f64f2d90972e8257a78a02c83f7702d2f089
    pristine_git_object: d367ebd39ca824ff87a4a7357eccd0ebd0b34b54
  docs/models/components/chat-completion-stream-request-tool-choice.md:
    id: d9b9ae6eab35
    last_write_checksum: sha1:b5a86c9c93362b7bdcaa65189c818946503d574e
    pristine_git_object: b10a8fb52eb6c1edbd561709f52b482a0c6899eb
  docs/models/components/chat-completion-stream-request.md:
    id: 6e78731bc4dc
    last_write_checksum: sha1:5f22357e3ccdf7cd0d86e9da5c198cb6b2291f97
    pristine_git_object: 2f85a8289ae987635d1fca5a5f87d355e3e88f00
  docs/models/components/completion-chunk.md:
    id: b33fe8d2710d
    last_write_checksum: sha1:a2c4b39efc0178da8c5db047b3523a852756320e
    pristine_git_object: 73c0d476f4d23e1ab6548c5d0d49f049374729bc
  docs/models/components/completion-event.md:
    id: 4d91794f10fe
    last_write_checksum: sha1:0cb45e5585c8d397ed550235a4526b9417614459
    pristine_git_object: fdeb6308ab48d767a7043933acd2f777865b41c5
  docs/models/components/completion-response-stream-choice.md:
    id: 04319d4666aa
    last_write_checksum: sha1:661151e8822726d69765add8e4a79e84444cc161
    pristine_git_object: d0d34eb574022861a947f3c3db780eae528c9d27
  docs/models/components/content-chunk.md:
    id: 4233da8b645a
    last_write_checksum: sha1:345cf94d23357f6623f6db727610d58c5ec108d5
    pristine_git_object: 51f7f26a6155ac359002389c2ade8fa77e87a1c7
  docs/models/components/content.md:
    id: 171de262e3cc
    last_write_checksum: sha1:bcc6738bd710d7df222bbd4e8fcb6dd735e84887
    pristine_git_object: e31bfa0c6cf463948c7623f29dcaade1344f4854
  docs/models/components/context.md:
    id: 9354f6221a1b
    last_write_checksum: sha1:1b915b5ab495fd273960156da3cacfb2ca972143
    pristine_git_object: 386befad378138f2f9b21867fd83cd688afce47e
  docs/models/components/delta-message.md:
    id: 2b7594c12a70
    last_write_checksum: sha1:1ecac8b6385d5560c0845e4da79e7669b95f4962
    pristine_git_object: 27f265ded362c61467b13e8b77a687f27fbf6b8b
  docs/models/components/fim-completion-request-stop.md:
    id: 874ec373ad6d
    last_write_checksum: sha1:6825c1388463e3d4536393cf6992b2b0ad82ee46
    pristine_git_object: 564250b18bc8c0f50acd301643985bc08f3eb0d3
  docs/models/components/fim-completion-request.md:
    id: 8ae0332e0644
    last_write_checksum: sha1:305148af7b58fbbad4de4867a1b20ea02a702976
    pristine_git_object: 8c69973ab010db65ac93991a32ec701f69398a72
  docs/models/components/fim-completion-response.md:
    id: 414498aa4910
    last_write_checksum: sha1:ee6ec34bf43c84922e101fd754860e38a9768e2a
    pristine_git_object: bf31ba6dc60cd7c32db4f179f9d61ea11c15099a
  docs/models/components/fim-completion-stream-request-stop.md:
    id: d2ade8851ee3
    last_write_checksum: sha1:2e272c6b48d948584ad912af2a3ef564aeda131c
    pristine_git_object: 12021bc429ddaf8633fcb3bf6642e4699aab015b
  docs/models/components/fim-completion-stream-request.md:
    id: f690f2562db1
    last_write_checksum: sha1:8516f9695c7a6ba11b181559ff49165ed0967333
    pristine_git_object: 4f5648d456b5698588dd21f6efad9b03e635c4e1
  docs/models/components/finish-reason.md:
    id: d62cd541af71
    last_write_checksum: sha1:c2d7d0befb9b900c2c2df7760b82d80db206be43
    pristine_git_object: a0e47a10cc7da3400595b7c74728e7080abf6029
  docs/models/components/function-call.md:
    id: 541ee567e418
    last_write_checksum: sha1:474cc0b22ee4737b2c76ec789bd4efc0bd111524
    pristine_git_object: 326a14cb1d005ddd4e5137e623eabfb26f8b9c4a
  docs/models/components/function-name.md:
    id: 382cc37f42ca
    last_write_checksum: sha1:772373b63457c774cca55115be24f4c42dd86f89
    pristine_git_object: 4f592bc19273da75943256abe5dc898a02bbef54
  docs/models/components/function-t.md:
    id: 1e9b7115a817
    last_write_checksum: sha1:a3874cb1ae94d148aa1b18c9901d8c7a0a83e46e
    pristine_git_object: a82eb928bc77fa1f565f5e125aeb28d0784a7331
  docs/models/components/image-detail.md:
    id: 8d02edfbbd79
    last_write_checksum: sha1:71a7dcf4b424cb242e38c265a3e9a418ed07583b
    pristine_git_object: df85614088e7592fa1cbae2ba9a6ec325f007f7b
  docs/models/components/image-url-chunk-image-url.md:
    id: 9074362bc4e5
    last_write_checksum: sha1:cb5dd6d535e106aad52c34a7a3b6cae7bc287be8
    pristine_git_object: 6b0520c0c249136a6b7a45fc13fa420001d2f2e0
  docs/models/components/image-url-chunk.md:
    id: 442ddc054828
    last_write_checksum: sha1:988bccc4c4053c5c29d0c9ebf67a87a5701c5ecb
    pristine_git_object: 3d67d49f0b09ccf5b491722b82e537ab51f1763a
  docs/models/components/image-url.md:
    id: 61b7a6a4e222
    last_write_checksum: sha1:007a18315ee3efb4acd26b37a9416468b89d0991
    pristine_git_object: 1abe647bcfa6a4c91e91c652fd7ae20e7e94a9da
  docs/models/components/json-schema.md:
    id: 87bc74378eff
    last_write_checksum: sha1:c2073f2f44138d9ae807222008448840a72efe1a
    pristine_git_object: 7ffcd46d9187aaa49655a6c577387886ff17847e
  docs/models/components/loc.md:
    id: 18d5ad9b7905
    last_write_checksum: sha1:90f22159dce166dc139e5f864e03f6636247043c
    pristine_git_object: 74021dec4c4f63e59f376e89fccff69600521b03
  docs/models/components/messages.md:
    id: e4e892c4de07
    last_write_checksum: sha1:441443435eee336ef02acfb87b06ce52d827e538
    pristine_git_object: 44e7a796b8b563da9e00140274cbb69a3a3a05e4
  docs/models/components/mistral-prompt-mode.md:
    id: 407d3125249a
    last_write_checksum: sha1:c280e1b187ab1e3ce11509e6e9f5a4dbfe0cb293
    pristine_git_object: 5970d0246ec5561847e454f9271bf58fbf1a16f8
  docs/models/components/prediction.md:
    id: 89590d44c9ee
    last_write_checksum: sha1:89582b02319e17402f214e73bd11246084d34da2
    pristine_git_object: 7484e27aa28838d10f23a879b3f2f16b1c27f75a
  docs/models/components/reference-chunk.md:
    id: 4682dabcaf9e
    last_write_checksum: sha1:70b13d3efb97ee014d4660ed1d4ab954ffe55f10
    pristine_git_object: 6960ad53fed7aa06ce385e69ebc16c99a630ad1d
  docs/models/components/response-format.md:
    id: acc3d2b3de0f
    last_write_checksum: sha1:11c204aa6c7b1ab392fc405d1531a8db31b5b326
    pristine_git_object: 743c295d67f97ada3043489033338ce16d4fd86e
  docs/models/components/response-formats.md:
    id: 95374206d66d
    last_write_checksum: sha1:7368d081b51da450932b30097fa90e77ea625b24
    pristine_git_object: a3e25b87d980f42217de54759bbc26a5ff1153dd
  docs/models/components/security.md:
    id: 54906b49ea28
    last_write_checksum: sha1:d271336f96a0a17e252acd95dbf59622bbdce89b
    pristine_git_object: e0e9b8fe547b1aa5b5a5306a1031257d610282c7
  docs/models/components/stop.md:
    id: 7a22fbe78bb4
    last_write_checksum: sha1:85c351128649f86460b7b3735d24aa77e027a657
    pristine_git_object: bc9d30e0736cd4adbcc24e1990b9bc01deb45c5b
  docs/models/components/system-message-content-chunks.md:
    id: 46bad93c8301
    last_write_checksum: sha1:3ea0275a76fa23844d39d8ee33574a227816eb6c
    pristine_git_object: a6f0642f5dc23fbf8538cb77ba752b71229b46dc
  docs/models/components/system-message-content.md:
    id: 2dd87331d05e
    last_write_checksum: sha1:5405138b7d8344efd77e5b8fd5570102b8c8527a
    pristine_git_object: 7b721e184a0053c65bb62c58fc70820d4f041940
  docs/models/components/system-message.md:
    id: 7cb6cc5cc965
    last_write_checksum: sha1:03ab8e88237b93c463dcfe1f51ec23dd7452345d
    pristine_git_object: 2eedb746ffb62e5f3b4480985332a4fb530e8a4a
  docs/models/components/text-chunk.md:
    id: e48ab7ed82db
    last_write_checksum: sha1:931f99c0968291254f17c466e9d31c486c9d0ae3
    pristine_git_object: 2efcd84341b1f9bd53359b6260c850e3f7b2a84e
  docs/models/components/think-chunk.md:
    id: f04708d16661
    last_write_checksum: sha1:9098e99fe48ea45c5c6fcfedadc6c0d1073ba54b
    pristine_git_object: 622e43297236f637ac60ca79f715482bf8a0f467
  docs/models/components/thinking.md:
    id: e9bb107645a1
    last_write_checksum: sha1:9981bc635a2f2313e7aa779f6f474da3a21e61c5
    pristine_git_object: 43e66aa44556ac9c143f1fb68ac3617370afd69a
  docs/models/components/tool-call.md:
    id: d6f3c024d8cf
    last_write_checksum: sha1:62a4c1eb981dea277fcea689e538740547a26773
    pristine_git_object: 8559b73a21cc0a9851746c605498dcc9fecbc88c
  docs/models/components/tool-choice-enum.md:
    id: a23dc43e72dc
    last_write_checksum: sha1:d1c6e86caae4e60405add2d37e5602f14c8b5f3c
    pristine_git_object: 6283aa364779c68ec1ea116f1fdbe596ffe6536b
  docs/models/components/tool-choice.md:
    id: 0f9142d74e66
    last_write_checksum: sha1:b5fadd56cd4bbc958206d1c1bdfb5b09260429b0
    pristine_git_object: bf33efdbd6f810903a7db0912c069130f645dcb6
  docs/models/components/tool-message-content.md:
    id: 2ffeb0265eda
    last_write_checksum: sha1:fa069be0475448c32a32f63a54c154b620ab3132
    pristine_git_object: 3acfc705c542704ba426ef3fce9b0c21d93a306b
  docs/models/components/tool-message.md:
    id: 57f0776b72e6
    last_write_checksum: sha1:ef6a0e5080cb74f596dba95033f95b9675858c76
    pristine_git_object: 4cd7fe66653335bb5cbbaa662af54f4682d6de7d
  docs/models/components/tool-reference-chunk-tool.md:
    id: b897380c1526
    last_write_checksum: sha1:8a0385b67912f5ef7af83f054491d16acac04b35
    pristine_git_object: 57ec47e8d24ed3c029c1bf1a6c582221dc456e84
  docs/models/components/tool-reference-chunk.md:
    id: e2ecc7d01d8a
    last_write_checksum: sha1:0a6d4091c26ec5b6215565d087b651dddaef7369
    pristine_git_object: 223bd4829f44755812a0cf31a01c5274fabe97b9
  docs/models/components/tool-types.md:
    id: 4d353e32c042
    last_write_checksum: sha1:571d113b772b054f2088a406f6758ff0294c79f3
    pristine_git_object: 64ea77d201c59824ac0468def5ca4a9edfbb1929
  docs/models/components/tool.md:
    id: c514c7b3ef8a
    last_write_checksum: sha1:eb9f2b60fbf5455f0b5cf4960fbc955425110890
    pristine_git_object: dda0c43291594d44739dbea608b65f56b90ffefc
  docs/models/components/usage-info.md:
    id: c1c0ebc0227f
    last_write_checksum: sha1:3183e70387673a6706fe3e38dc3bf53845444f5e
    pristine_git_object: b482d5dcc6ef241ebb17a24676d8cafa252ab0ad
  docs/models/components/user-message-content.md:
    id: 8d79f1e0933b
    last_write_checksum: sha1:7bcbd55415b97d123b624ac9c5406c0d07f4b412
    pristine_git_object: 22c7d880fdeb799df935af8532d0707e8bca753e
  docs/models/components/user-message.md:
    id: 5b6fa95c66a9
    last_write_checksum: sha1:546e22dbedcc0fd6d19e7d0e8cb94cfa058e2063
    pristine_git_object: 6e431ff38f18e5f1c5458f76fe59347100909e12
  docs/models/components/validation-error.md:
    id: 2c868cd6b7f3
    last_write_checksum: sha1:3ee07161a1ec735718673d7ac41c3218250aa5c3
    pristine_git_object: 6d258b59bcd7962f409019699d01917c518a8b44
  docs/models/errors/http-validation-error.md:
    id: 24a38df813a9
    last_write_checksum: sha1:df321d641a642ac9ed86c4b538027d1f4cf24cc4
    pristine_git_object: b6f8725731484c6b6bcdaa2378daaac5eb749392
  eslint.config.mjs:
    id: 461c8d07f6da
    last_write_checksum: sha1:9398f326377fe47f67af2df6eb6370750c0790b4
    pristine_git_object: 67bccfec985be20a00970d90155752832dd47135
  examples/.env.template:
    id: 52cbe5afed92
    last_write_checksum: sha1:46baba889c34042d67b01cf9561275d4b94490a0
    pristine_git_object: 40fcbedf8fcd655fe9e21bae024b726bcb55e617
  examples/chatComplete.example.ts:
    id: 3f62c64aac77
    last_write_checksum: sha1:996b582d6068cca05c0ccd97f07c7bb32632235b
    pristine_git_object: bc3e294ff35efdfafcbe77b309870b378d28a711
  examples/package.json:
    id: c1d7b0ec8e7e
    last_write_checksum: sha1:faf7a25c24097c31a36fb764478451ffd9cb53b1
    pristine_git_object: b980d03b01bdd2fbde1311b8ed1c05c0139f5296
  jsr.json:
    id: 7f6ab7767282
    last_write_checksum: sha1:fb0c0b384160108b4ea02f7a45eab30d352e52db
    pristine_git_object: d05c8215a9743997967be252728546190d305e5f
  package.json:
    id: 7030d0b2f71b
    last_write_checksum: sha1:584fa2640768254a24661ada9df8710a7900a10c
    pristine_git_object: ecec58b42707a544f0105d0c97664ad1e5a2fe6b
  src/core.ts:
    id: f431fdbcd144
    last_write_checksum: sha1:3666c4d2b192f1032e44f7d6cdbb7ddf559a6705
    pristine_git_object: 40d6f6ce859e1b02ea391fb7a0f625bcf7595226
  src/funcs/chat-complete.ts:
    id: 70348e147b2e
    last_write_checksum: sha1:ff7eda277dfd4c353da5f02b382c456be35934b5
    pristine_git_object: 933063a2ebdd7aa82a65434c0c62b3e0e0bd6865
  src/funcs/chat-stream.ts:
    id: 8d130e3d72c6
    last_write_checksum: sha1:0bce1822e22f98c636015678caec5f1828fd7f81
    pristine_git_object: dfeca079211334d0c73b0631b87bcaadb4fdfbad
  src/funcs/fim-complete.ts:
    id: 4cdb65ebd1c7
    last_write_checksum: sha1:46972f81c446ce7ccb9968da18ef2b97cf644261
    pristine_git_object: 4fabec083547e42a3356f97f3eb1f03ecd68134a
  src/funcs/fim-stream.ts:
    id: 481bd5ed483f
    last_write_checksum: sha1:0c18e79e15f75aa32737721682fa92a76309434e
    pristine_git_object: a2edc6ac7e64c420f11e7b4ca7372f7a705ee754
  src/hooks/hooks.ts:
    id: a2463fc6f69b
    last_write_checksum: sha1:e9edf8263bbb8649058c43c7a83a08c9548b1b59
    pristine_git_object: 4d70ad98d292918220bd515ac627ba970e139ac4
  src/hooks/index.ts:
    id: 5f2dab62b520
    last_write_checksum: sha1:ff07106a5884f20ccf4cd0ecb94e606e0fb88a61
    pristine_git_object: 199d3b2dd5952ad52b2d53f1559913f4d07a2bd0
  src/hooks/types.ts:
    id: 2a02d86ec24f
    last_write_checksum: sha1:faea38fb4a5bf0b438ae7ee70cae2db525e357f1
    pristine_git_object: 9601405b15a4c8c1d71e90d36bb2b97daa75fde9
  src/index.ts:
    id: c5fb850250c7
    last_write_checksum: sha1:1d4c60a7031c6f429e71d8108845737d4c84a62b
    pristine_git_object: fd4510f62c8515116866393e4faba110fb514d51
  src/lib/base64.ts:
    id: "598522066688"
    last_write_checksum: sha1:6b23395d64dd1455b49e20e2b4c00ab3fa9c7f48
    pristine_git_object: eb00607101c34a24732ddbcf23209240aaf82733
  src/lib/config.ts:
    id: 320761608fb3
    last_write_checksum: sha1:71929847ac373ac9b68dbdb8926a2afe713b5b20
    pristine_git_object: 3e9b1978ff0e3e7aacb3811b9e9f76c97185969e
  src/lib/dlv.ts:
    id: b1988214835a
    last_write_checksum: sha1:fa2c69a4b60419e890620fed6e2444b6f48ee1ec
    pristine_git_object: c7f99b4e005b8a7900424123118263362710df71
  src/lib/encodings.ts:
    id: 3bd8ead98afd
    last_write_checksum: sha1:d95f1fa43af479ecdec8fe4e96bf7b9861cf9507
    pristine_git_object: a92f8e93483010e240b13d13c3117ffed6951bbf
  src/lib/event-streams.ts:
    id: 3f731f808a79
    last_write_checksum: sha1:9f011a4388171bd4511948936b571700f7edb426
    pristine_git_object: 2b227a6c297fbd87025b39389be1ef6514fede3e
  src/lib/files.ts:
    id: e5efa54fcb95
    last_write_checksum: sha1:af927072faafe9f6e510a5c7745c69713f62d26f
    pristine_git_object: d9585e35fa5a536f2a2f0ca3ec2a3a68017db25c
  src/lib/http.ts:
    id: 63a80782d37e
    last_write_checksum: sha1:98cb62dbbe815c259b1cff27af2ce82cd9db2bf0
    pristine_git_object: f255b6d09849060c4ce6f04aac033e3ea56f180b
  src/lib/is-plain-object.ts:
    id: b9862591096a
    last_write_checksum: sha1:d5e23aa79284736ae50539151f199fe2d93d3af4
    pristine_git_object: 8b28c35ccef5348b881acb8fbd2347f7d35e2b97
  src/lib/logger.ts:
    id: 7ee7741a02bf
    last_write_checksum: sha1:63dc8555752f6f7ac7d6812ead42706105815678
    pristine_git_object: 9ae1032219ac264bd33975b61dec6f1f68852bcb
  src/lib/matchers.ts:
    id: d54b2253b719
    last_write_checksum: sha1:e9c929d776cd924ca21c581a21e901adbb72d81f
    pristine_git_object: 6158cc6939218424e3123da4fef7b19d16f07da1
  src/lib/primitives.ts:
    id: 74859f750b28
    last_write_checksum: sha1:d7545ba055763ca088da20025c6db7b40012e75a
    pristine_git_object: ac3110989f696c2dc2cae9c8936d836ad83e0f65
  src/lib/retries.ts:
    id: b24a69d15639
    last_write_checksum: sha1:8c247d8fe4ae04adcc23982a9f2febe03144a962
    pristine_git_object: 5bd353f9f8e6744960ad9c7457772dae8d30d2c2
  src/lib/schemas.ts:
    id: deb4b531fae1
    last_write_checksum: sha1:b642ee92e2712f04c10ae4894b8d412b27d08111
    pristine_git_object: 858d16c87440906a2911869e103781357cf97545
  src/lib/sdks.ts:
    id: 8a6d91f1218d
    last_write_checksum: sha1:34abf5ce6679642a60b80b8be382b2aa10048991
    pristine_git_object: 2d9cef1cdcd76123f667ebf32b622f451a22b740
  src/lib/security.ts:
    id: 0502afa7922e
    last_write_checksum: sha1:77f18a04301e3f56ddc89d2a57286e4b5864b77a
    pristine_git_object: ecfb3c949726c6bb4ac9a98d9f3ee3052e9848ea
  src/lib/url.ts:
    id: b0057e24ed76
    last_write_checksum: sha1:6add639bf41a50d89828c59cd9f75f23a01eae1e
    pristine_git_object: d2762656b61d5d63bfdbb41aab691241e87a1dbf
  src/models/components/assistant-message.ts:
    id: ff7dfcd0f9dd
    last_write_checksum: sha1:8159890e8487be0a1e31df98b0f0a804d4b56022
    pristine_git_object: 7e853486c32d2bc59cc6f1cffc13f4c38f97f590
  src/models/components/built-in-connectors.ts:
    id: de385d45be53
    last_write_checksum: sha1:b472f00269acb3bb1573537cea221d725fa0491f
    pristine_git_object: 2190e94d65c2f2d7999d4c2efbb5841c537e11ca
  src/models/components/chat-completion-choice.ts:
    id: 620030ad3e33
    last_write_checksum: sha1:4ccfcc10465733c328315cd3c2cda9556fb08b40
    pristine_git_object: 8757230fb27e2ec5875dc9f5a43b81d59f926053
  src/models/components/chat-completion-request.ts:
    id: f69708339a1d
    last_write_checksum: sha1:01714c17b5b5d4efcf74c195ce0b1b7ff93869dd
    pristine_git_object: 2fb956f9c32916296b4371af8f6d6ad21172a6bd
  src/models/components/chat-completion-response.ts:
    id: 23af8c5ade77
    last_write_checksum: sha1:3e1523ecc5a1f8ee6f14121d4ab3506df559e37a
    pristine_git_object: 17561b7586724d27d4c864043066fec492b8714d
  src/models/components/chat-completion-stream-request.ts:
    id: 48f692f8e6f8
    last_write_checksum: sha1:19ea52088bf69af1224f670b369e5bb41f3a137d
    pristine_git_object: 194f7c22cf5bd33910cd1f1d14d1fd94d9dc0e34
  src/models/components/completion-chunk.ts:
    id: 19e9dab0ecdf
    last_write_checksum: sha1:b3d114cad81698a2f49572a69589c4ca7256faaa
    pristine_git_object: ced0630ff30d2fe52ca488c186831f26c0fef03e
  src/models/components/completion-event.ts:
    id: b059de1d51fc
    last_write_checksum: sha1:b2c61c6bf065980df5be182dfba29ef1dec55b0f
    pristine_git_object: 82f2b392be3bad9dd7ebd9f6331f378b1d4fde30
  src/models/components/completion-response-stream-choice.ts:
    id: 2b6d1b625f1e
    last_write_checksum: sha1:fd74a69c322c08ff2388b540b0958186407fee72
    pristine_git_object: c9928cd87d41ab7ae4f448dbe4a51e005a8f6b6a
  src/models/components/content-chunk.ts:
    id: dc03e1199425
    last_write_checksum: sha1:d47e9c2091777dc5fe1053d1990be17bfd8b2af7
    pristine_git_object: 1b672b8ac1215c9d6a1b6d06687d07dc07a2311c
  src/models/components/delta-message.ts:
    id: 4d2f176969bf
    last_write_checksum: sha1:4dc51dee379ae61d11f5cf219938f609ff207158
    pristine_git_object: 02d8d130759a7a77d9338de168d5d687408d0687
  src/models/components/fim-completion-request.ts:
    id: 29d713795dbb
    last_write_checksum: sha1:ee521c6d2453668b05dcb4db29e1c7f917e391b0
    pristine_git_object: d11aec14d5801eb9658510302c1d6a84cd1d4972
  src/models/components/fim-completion-response.ts:
    id: f30ec2d8d04c
    last_write_checksum: sha1:1ffb170b2d7821726907c29773456f59f63ca374
    pristine_git_object: 07eebecb7ea79bb7d5a37ff97aa17e3d5e6affef
  src/models/components/fim-completion-stream-request.ts:
    id: 68517b96b53b
    last_write_checksum: sha1:9a664e5629cdc3b780bf342b2b23508b7676c5ed
    pristine_git_object: d3ab49a46b00983b5a22720bf8ec943f6f4bbd02
  src/models/components/function-call.ts:
    id: 2cae02cbd7fb
    last_write_checksum: sha1:f0dd2ee24410ea69741e9184ff53d90e574ac020
    pristine_git_object: d8cbb4cee95a64191dd795b04cfebc68c9356981
  src/models/components/function-name.ts:
    id: 4a20e5360272
    last_write_checksum: sha1:c8e31edf0a3473e68a44eaa3f556ee1cf26a2862
    pristine_git_object: 5f088e3c0536e82ce7d4b4b37522fd310a921e17
  src/models/components/function.ts:
    id: e30294bb59e8
    last_write_checksum: sha1:c710bc40d586c0f2a1baeaf6b986ba315131b251
    pristine_git_object: 0fb7a73bea9395997c9162b930a1ad72607f7df5
  src/models/components/image-detail.ts:
    id: 7408337048ad
    last_write_checksum: sha1:09a490164f15744db9bcbc7eb7943d3b51a67a38
    pristine_git_object: 01cdfe7f1deabc3cd69ea8d50bdaa16555e09f31
  src/models/components/image-url-chunk.ts:
    id: 7790c37b77a5
    last_write_checksum: sha1:821eba993a99df66c954dd1a7cadf0d86b23cc5a
    pristine_git_object: 2915095f6d3b708f4992cb00cc3cbf22e9194ea7
  src/models/components/image-url.ts:
    id: c2d0f95dc86b
    last_write_checksum: sha1:a128a0770214006623559eecfe8a27f336fc10cd
    pristine_git_object: 55ebdeb8e2ad6ea5781171439353bf7e37cb45a8
  src/models/components/index.ts:
    id: 0aa842dce54d
    last_write_checksum: sha1:b65b4a328f562adade4093b67f942c6b10670a6e
    pristine_git_object: e90c53ae6eb82e44131a51bfc6d33e221bee6479
  src/models/components/json-schema.ts:
    id: 6544bea592e9
    last_write_checksum: sha1:2cc2eba976f164180ef252dd33f0c123d2413cfb
    pristine_git_object: 7ea5d2803ab8e82c41b7825b862ab7ff8f8c4fef
  src/models/components/mistral-prompt-mode.ts:
    id: 1839124a98a3
    last_write_checksum: sha1:772f944ac8882ef3d7fc91a4f34e775857de22bf
    pristine_git_object: 485f91f1a883edc17eb0d71690fb29eb412c7994
  src/models/components/prediction.ts:
    id: 74bf3ed40b32
    last_write_checksum: sha1:197f58db317c20d07829bbefd4227297e16e6e70
    pristine_git_object: a8a23bede0327b25217deab4d2d778a4fec39095
  src/models/components/reference-chunk.ts:
    id: 3ba485316398
    last_write_checksum: sha1:f52f01eecc3e26f898a758a7b2b049f786545cae
    pristine_git_object: aa6b1ba8cc3a3e027153b7684ff91e002411d753
  src/models/components/response-format.ts:
    id: 2d8d807f57da
    last_write_checksum: sha1:0e49b51d07b01102842dca09cddeea86d4bc3a43
    pristine_git_object: 72cdf24733562f7e550deed3c2c1587395a6c77f
  src/models/components/response-formats.ts:
    id: 772347676a23
    last_write_checksum: sha1:2febbcfda750a99a278ccf1ab16ab28d2532ad9d
    pristine_git_object: 2259f270e97cd24be76abe50f45586d56425e495
  src/models/components/security.ts:
    id: 472dde81bb1c
    last_write_checksum: sha1:7a70cc7d04d442e0e7538c8d9e0cfaa448b8ed82
    pristine_git_object: 52e613ae0bbe2da32ef6dd5d01a2802e74bd584f
  src/models/components/system-message-content-chunks.ts:
    id: e0de3eebeebb
    last_write_checksum: sha1:1eb66183bd83b1d476474b607f2171bf02d71d92
    pristine_git_object: 5ea3e41a40d1d5bd17e2eb48df21081347cffa75
  src/models/components/system-message.ts:
    id: b006018bc19c
    last_write_checksum: sha1:69d322ef4755d772c89b3a3e4210747c5844d2c6
    pristine_git_object: b6e121ca72aee3b92bbe29804ba83832f258483d
  src/models/components/text-chunk.ts:
    id: 0f7f91a6e3db
    last_write_checksum: sha1:0d3743fc7a3e326facbafdd3b72a548439047cb5
    pristine_git_object: c1c2d931af31adc2ce58f6ec9602377c0275bf78
  src/models/components/think-chunk.ts:
    id: e678df2a7e82
    last_write_checksum: sha1:10d184d185283bf2e1efa1304e7f2b83cf4f09bb
    pristine_git_object: 073e834afa25aedb8971604cacc8e938d8901f3f
  src/models/components/tool-call.ts:
    id: 6aa325d851f2
    last_write_checksum: sha1:9229309c5f7074581ab11c5a03e4a0df7515549b
    pristine_git_object: 17b95b8f0d02b01b4efb9c1149d7f5960da5a83f
  src/models/components/tool-choice-enum.ts:
    id: 67ad1baf1f78
    last_write_checksum: sha1:54eee180e44caa53c1062b00af58a34d8ab0b270
    pristine_git_object: 89846a4160458b42f33bff9c0fe9beac30980c66
  src/models/components/tool-choice.ts:
    id: b0ff0ddd7db3
    last_write_checksum: sha1:0cbd63fb0ed9287c7710af30ab2c8a5cd89ee199
    pristine_git_object: bc0b2dabb53474727a20866e78fae9300fe8939c
  src/models/components/tool-message.ts:
    id: e31688d8f714
    last_write_checksum: sha1:67af683453a7eef69548c0901a05df5c7d119333
    pristine_git_object: dff97abe6a08a13d758919061566a56f2ba7205a
  src/models/components/tool-reference-chunk.ts:
    id: 3d576244037e
    last_write_checksum: sha1:29f1b9d3d3668230a89de49b979b2dfb613f0a2f
    pristine_git_object: b84382f5627dc91a3222f4546cc3f1a96cc0ca20
  src/models/components/tool-types.ts:
    id: a0da2a504f9b
    last_write_checksum: sha1:9554cbb69c79913897552a412506dd7cfb6c6753
    pristine_git_object: e730f63d5f9867220cc420695107357101656c2d
  src/models/components/tool.ts:
    id: 03d25d0a5e59
    last_write_checksum: sha1:9daa1bf3e92b6e7462e7e215d979cba1e6382e04
    pristine_git_object: 087226c55a9d1ad1452eecee289539b826c90361
  src/models/components/usage-info.ts:
    id: dc259eb11c5f
    last_write_checksum: sha1:7c15f460e2ca3b22f3a6b2293c65b8f105beb999
    pristine_git_object: 49ab3ae627c01c3b5ff42c148c3a88cd9806f72f
  src/models/components/user-message.ts:
    id: 979f903d8a04
    last_write_checksum: sha1:4fdedd5d3f548a3eb9ff00b8e24c57fa646bd70b
    pristine_git_object: a9aa027fd3ae2ac242aca4be5ac1ac6c921899b3
  src/models/components/validation-error.ts:
    id: f841d90b7968
    last_write_checksum: sha1:92e4dd8a948a5a30d9da1d26c5a8044501392b5b
    pristine_git_object: e55eac239c8ce9bee123cb23f92d449b5d9f63a6
  src/models/errors/http-client-errors.ts:
    id: 08390231aab8
    last_write_checksum: sha1:4d6074f08dd5a1245f38e7b01cd5aa01ce924cdb
    pristine_git_object: ff3227d8b3df367e6d8b2d0ee51e25f90dce409c
  src/models/errors/http-validation-error.ts:
    id: 9b710ca68559
    last_write_checksum: sha1:72c56bf8e2a1cf4481344a29a4c9ed67c13653d2
    pristine_git_object: 552298bca0f4bb0573302edfd0a9da3e2fd3e736
  src/models/errors/index.ts:
    id: c4e22507cb83
    last_write_checksum: sha1:c7f1cde8071b6408512fef156640cc5bc587f457
    pristine_git_object: 555213bdd0d73bab4c43d4f464cfd9c65d856e3d
  src/models/errors/mistral-google-cloud-error.ts:
    id: 3bda80ac48c9
    last_write_checksum: sha1:ab220a929299fafdb7b37c759dba9128714786da
    pristine_git_object: b3e300d0ad0b5a1bcb05f394a2a904c3dec1435f
  src/models/errors/response-validation-error.ts:
    id: a6ce701a9571
    last_write_checksum: sha1:eef9281e3957722d3481c2431e422a39e237f4b0
    pristine_git_object: 12dc60b3ed12e04b24984bae1d87afddbcc727bf
  src/models/errors/sdk-error.ts:
    id: 2c53a8a2befb
    last_write_checksum: sha1:a2bc2396111239734273e132e4d0d73fac0b66fc
    pristine_git_object: 4bf120c350733be61da0705dd435848455a8c989
  src/models/errors/sdk-validation-error.ts:
    id: 9b17e7ef247f
    last_write_checksum: sha1:2a3a41638d25f724ffdc4bb4d50a28efd1d847ae
    pristine_git_object: a85feefeadda4341fbb6a31ce21c0f042187c503
  src/sdk/chat.ts:
    id: c56babc22a20
    last_write_checksum: sha1:ca7539c817d5d8b6fd75f1da5310b52cf6e5709c
    pristine_git_object: d127afce57f6c8aa5b2af069a5f0c65495ab4120
  src/sdk/fim.ts:
    id: 2aa1080387e7
    last_write_checksum: sha1:65f8ae59c17aad8c3197ca92635a90260788f74b
    pristine_git_object: d23f1dd2d67103a31c03a2791e6c8cd5c6230c68
  src/sdk/index.ts:
    id: a857902a703f
    last_write_checksum: sha1:6f2c97ced37244953a569e70d7f232bf55c96cfe
    pristine_git_object: 9638166595abbc6ab9d4feec63f75ea6c6be19b2
  src/types/async.ts:
    id: fac8da972f86
    last_write_checksum: sha1:b7e6fc159f1860bf8e24f968cd3cc731e8cefb4c
    pristine_git_object: e7e813bb32499242aa6494bd1cd741df15698229
  src/types/blobs.ts:
    id: f8ab9b326c86
    last_write_checksum: sha1:93c8c96b2940abb811d0613f7cfde5909b9f5565
    pristine_git_object: 316f37d3785f0064545cd06a2390b6bd441219d5
  src/types/const-date-time.ts:
    id: b3487d7170f2
    last_write_checksum: sha1:bd4aff6402e16c9ae58ea0ed57cd91cd71a51628
    pristine_git_object: 06efe8d96069bbde54cd4b1a7572689d22ae1494
  src/types/discriminated-union.ts:
    id: ac1bf11344f7
    last_write_checksum: sha1:1db596c26ac0fae0053ef90f04307f35f80a418a
    pristine_git_object: 60d630c968c001c0611fdff966bb5e050588ee75
  src/types/enums.ts:
    id: 4d03ddfe5100
    last_write_checksum: sha1:51d311fc1721c23952ba67999d3636de9415d45c
    pristine_git_object: 0b225b94d756e22ece3345491d5d5df0d7e3930f
  src/types/fp.ts:
    id: ae9f0fb8aab6
    last_write_checksum: sha1:bfa2776815106e00cb9948c1c09783ff8f0bb1d4
    pristine_git_object: 0cb1ea5aa681fe76f9f774f1525d58e055a937a9
  src/types/index.ts:
    id: cd7a0a5ed005
    last_write_checksum: sha1:184f8a05543f39df2fbaa16226e8885f93712c77
    pristine_git_object: b3e3d963b754b3815711e94520572a53526a239c
  src/types/operations.ts:
    id: 314da01dca47
    last_write_checksum: sha1:12d37b837046eaaab21ee9f53841348d87db2dfd
    pristine_git_object: 75805861f44079e9c2072bc82756436edf6bd2c1
  src/types/rfcdate.ts:
    id: 9eb64906dcd6
    last_write_checksum: sha1:0f6b98950f83c5abe275931b4fad485c8cbe373c
    pristine_git_object: a1b618633b9f2a3e454a7c58f75d58af031bf5e3
  src/types/streams.ts:
    id: f99be9c4bf14
    last_write_checksum: sha1:6dbe212e60eae57ef9db4a00457328fd7efa86b5
    pristine_git_object: 0f8e0421786a736d0042d7731442318ee38c9f45
  src/types/unrecognized.ts:
    id: 476605c40716
    last_write_checksum: sha1:f8c41020ef4b0f1feeea8e2da75b57a99118af29
    pristine_git_object: dd1df46e211fa121348f74013582e229136bd902
  tsconfig.json:
    id: 61ebb9fd6e8c
    last_write_checksum: sha1:c3ec7996536cdb9a54319e7d1eb3b199b733d34c
    pristine_git_object: 0ccdbe286a8780e06a469a9eb7e2fb95322fd507
examples:
  stream_chat:
    speakeasy-default-stream-chat:
      requestBody:
        application/json: {"model": "mistral-large-latest", "stream": true, "messages": [{"role": "user", "content": "Who is the best French painter? Answer in one short sentence."}], "response_format": {"type": "text"}}
      responses:
        "422":
          application/json: {}
  chat_completion_v1_chat_completions_post:
    speakeasy-default-chat-completion-v1-chat-completions-post:
      requestBody:
        application/json: {"model": "mistral-large-latest", "stream": false, "messages": [{"role": "user", "content": "Who is the best French painter? Answer in one short sentence."}], "response_format": {"type": "text"}}
      responses:
        "200":
          application/json: {"id": "cmpl-e5cc70bb28c444948073e77776eb30ef", "object": "chat.completion", "model": "mistral-small-latest", "usage": {"prompt_tokens": 0, "completion_tokens": 0, "total_tokens": 0}, "created": 1702256327, "choices": []}
        "422":
          application/json: {}
  stream_fim:
    speakeasy-default-stream-fim:
      requestBody:
        application/json: {"model": "codestral-latest", "top_p": 1, "stream": true, "prompt": "def", "suffix": "return a+b"}
      responses:
        "422":
          application/json: {}
  fim_completion_v1_fim_completions_post:
    userExample:
      requestBody:
        application/json: {"model": "codestral-latest", "top_p": 1, "stream": false, "prompt": "def", "suffix": "return a+b"}
      responses:
        "200":
          application/json: {"id": "447e3e0d457e42e98248b5d2ef52a2a3", "object": "chat.completion", "model": "codestral-2508", "usage": {"prompt_tokens": 8, "completion_tokens": 91, "total_tokens": 99}, "created": 1759496862, "choices": [{"index": 0, "message": {"role": "assistant", "content": "add_numbers(a: int, b: int) -> int:\n    \"\"\"\n    You are given two integers `a` and `b`. Your task is to write a function that\n    returns the sum of these two integers. The function should be implemented in a\n    way that it can handle very large integers (up to 10^18). As a reminder, your\n    code has to be in python\n    \"\"\"\n", "tool_calls": null, "prefix": false}, "finish_reason": "stop"}]}
examplesVersion: 1.0.2
generatedTests: {}
