lockVersion: 2.0.0
id: c6044247-eaf9-46da-b078-0e1334e93be2
management:
  docChecksum: a7d9a161ca71328c62514af87c72bd88
  docVersion: 1.0.0
  speakeasyVersion: 1.690.1
  generationVersion: 2.797.1
  releaseVersion: 2.0.0
  configChecksum: 85adc45fd93e91cdfcc913546d857d22
  repoURL: https://github.com/mistralai/client-ts.git
  repoSubDirectory: packages/mistralai-gcp
  installationURL: https://gitpkg.now.sh/mistralai/client-ts/packages/mistralai-gcp
  published: true
persistentEdits:
  generation_id: d5bd8cc2-44d9-4e14-9737-67b1aaffe210
  pristine_commit_hash: 2fddda4f53c815cfd5e908d1398773e9c89e2ed0
  pristine_tree_hash: b9e07f269d29fdf36f316cf1442fceea7ec6a7d8
features:
  typescript:
    additionalDependencies: 0.1.0
    additionalProperties: 0.1.3
    constsAndDefaults: 0.1.12
    core: 3.26.22
    defaultEnabledRetries: 0.1.0
    enumUnions: 0.1.0
    envVarSecurityUsage: 0.1.2
    examples: 2.82.4
    globalSecurity: 2.82.14
    globalSecurityCallbacks: 0.1.0
    globalSecurityFlattening: 0.1.0
    globalServerURLs: 2.83.0
    includes: 2.81.1
    nameOverrides: 2.81.2
    nullables: 0.1.1
    openEnums: 0.1.2
    responseFormat: 0.2.3
    retries: 2.83.0
    sdkHooks: 0.4.0
    serverEvents: 0.1.13
    serverEventsSentinels: 0.1.0
    serverIDs: 2.81.2
    unions: 2.86.3
trackedFiles:
  .gitattributes:
    id: 24139dae6567
    last_write_checksum: sha1:26d16d8297b104945139da8c25bd38feeaad3e25
    pristine_git_object: 113eead5093c17d43a46159132885318f281a68a
  .npmignore:
    id: aa70c1f807c3
    last_write_checksum: sha1:3d5eb92f81539175db1ff0280e0aefbdd701f200
    pristine_git_object: cf98a6bf092538eb10ff0edc915102682ce9a6e6
  FUNCTIONS.md:
    id: 21b9df02aaeb
    last_write_checksum: sha1:4a9494e7a3cd1edef6791939e5014ba334f9c38a
    pristine_git_object: 00fed0ec03e1604c5673b5eac880a82651071af3
  RUNTIMES.md:
    id: 620c490847b6
    last_write_checksum: sha1:e45b854f02c357cbcfdb8c3663000e8339e16505
    pristine_git_object: 27731c3b5ace66bedc454ed5acbe15075aacd3dc
  docs/lib/utils/retryconfig.md:
    id: 0ce9707cb848
    last_write_checksum: sha1:bc4454e196fcd219f5a78da690375a884f5ed07b
    pristine_git_object: 08f95f4552349360b2c0b01802aa71ec3a55d2c2
  docs/models/components/arguments.md:
    id: e36c467a2859
    last_write_checksum: sha1:b2445f7e9a3c889f39f61f28a2297eff1ea14699
    pristine_git_object: 5a99a08949f0274cfdc02093477abb45c9788e13
  docs/models/components/assistantmessage.md:
    id: 51b24ed35fb2
    last_write_checksum: sha1:042b2fb14fbc69f7ba47ed6aaa0d0533bba28b3f
    pristine_git_object: ac13b2db2c8f0bd81dc90de10f7f766442b61fca
  docs/models/components/assistantmessagecontent.md:
    id: 38287b08c4b1
    last_write_checksum: sha1:dbd23136208030edc777cbff3f042c559c90aaf0
    pristine_git_object: 7918f1c957fc51e76cb51e17de433fd73ffeddf5
  docs/models/components/assistantmessagerole.md:
    id: b57fd7f63d09
    last_write_checksum: sha1:5ee25263e8c613bc6562cb34a56d2b091231f109
    pristine_git_object: a27605979ba4e23bc4ff1f97eaf77653b639c907
  docs/models/components/chatcompletionchoice.md:
    id: f790725d8c88
    last_write_checksum: sha1:074311b761d8dbdbc16817a62d4d23e3730bc6b9
    pristine_git_object: 3d0e6f466f91ea1ec56f24acb0f2734ec11fcde0
  docs/models/components/chatcompletionchoicefinishreason.md:
    id: 77b093d6a0f9
    last_write_checksum: sha1:41c3459d0c99a6b3e5f52130b01a1c14c8c98f69
    pristine_git_object: b898e85ab46c7fee8da718cd1af114a3c9ea9dfb
  docs/models/components/chatcompletionrequest.md:
    id: f7fc92b8c33b
    last_write_checksum: sha1:7ead28f28e3cc210ca1f1fe35ff59bc34a979116
    pristine_git_object: 8db93a9dd7760b1f3c8f8a07129d399e99e1f10e
  docs/models/components/chatcompletionrequestmessages.md:
    id: 731c71f4aa46
    last_write_checksum: sha1:1ecfb31c847b49729408b77a2f84b5a2406396a5
    pristine_git_object: 74f3693484b1ec8d6c8f73aad4a5b354e6fd9508
  docs/models/components/chatcompletionrequeststop.md:
    id: af9345696d9f
    last_write_checksum: sha1:f4d543895c3fe0442b23238622c03b78c71d7389
    pristine_git_object: e935025f3ceb75c9b1e0d15f7cdc0f3bd1093a67
  docs/models/components/chatcompletionrequesttoolchoice.md:
    id: 24909efd7276
    last_write_checksum: sha1:7897f69a79ba218ff66bc1ad3811be304475a67c
    pristine_git_object: df5121630ecc7030aa06c7b760f5cd4595543782
  docs/models/components/chatcompletionresponse.md:
    id: ca60aaf2a56c
    last_write_checksum: sha1:88475ec0f32373c99e845541435fb9cb51bebfb3
    pristine_git_object: f0a6f5ba67dec44b440342d374c12a3bef6990b7
  docs/models/components/chatcompletionstreamrequest.md:
    id: c3d9d4eff912
    last_write_checksum: sha1:2f62b098be72436210824b5a42fa2b77dd8885f1
    pristine_git_object: 0a32bc5237c10b8661f8b4c147cb3f8aa0f109fe
  docs/models/components/chatcompletionstreamrequesttoolchoice.md:
    id: 41be03979b3e
    last_write_checksum: sha1:b5a86c9c93362b7bdcaa65189c818946503d574e
    pristine_git_object: b10a8fb52eb6c1edbd561709f52b482a0c6899eb
  docs/models/components/completionchunk.md:
    id: 9ffc1bf45b1c
    last_write_checksum: sha1:6d9f19a73e7e5dd954f709b5debd5d3293888957
    pristine_git_object: 8f013c59a73198c54aca19edf28e3c6b47dac322
  docs/models/components/completionevent.md:
    id: 4e3a4346799b
    last_write_checksum: sha1:290eac4b7b2fc5be0c90093b2e042bdf19457918
    pristine_git_object: 2a1aaf5593b82e08047461fc85ce08c4770f49b1
  docs/models/components/completionresponsestreamchoice.md:
    id: e0aeba022d19
    last_write_checksum: sha1:61f67d992a3577b68051f830fe2e215a6f688eb1
    pristine_git_object: 64ce84606cdb77c34913101384ba9b6dc7c5b1ac
  docs/models/components/content.md:
    id: 171de262e3cc
    last_write_checksum: sha1:bcc6738bd710d7df222bbd4e8fcb6dd735e84887
    pristine_git_object: e31bfa0c6cf463948c7623f29dcaade1344f4854
  docs/models/components/contentchunk.md:
    id: a7a5782b8503
    last_write_checksum: sha1:345cf94d23357f6623f6db727610d58c5ec108d5
    pristine_git_object: 51f7f26a6155ac359002389c2ade8fa77e87a1c7
  docs/models/components/deltamessage.md:
    id: 62c906b37cdf
    last_write_checksum: sha1:b4bd1a81d7c2b8e04b1b10742a201641bb1a57b5
    pristine_git_object: 3f287bc22abcb80e871deb7debca8212b02ac8a1
  docs/models/components/fimcompletionrequest.md:
    id: c524c4eb442a
    last_write_checksum: sha1:305148af7b58fbbad4de4867a1b20ea02a702976
    pristine_git_object: 8c69973ab010db65ac93991a32ec701f69398a72
  docs/models/components/fimcompletionrequeststop.md:
    id: b347f5272cc7
    last_write_checksum: sha1:6825c1388463e3d4536393cf6992b2b0ad82ee46
    pristine_git_object: 564250b18bc8c0f50acd301643985bc08f3eb0d3
  docs/models/components/fimcompletionresponse.md:
    id: d8626579dc99
    last_write_checksum: sha1:d78e0e198f68f4d7db685a7e693f3625ce282ffc
    pristine_git_object: 7cf85278e22e59b79856786549488c53c032a406
  docs/models/components/fimcompletionstreamrequest.md:
    id: 5719b7342a3f
    last_write_checksum: sha1:8516f9695c7a6ba11b181559ff49165ed0967333
    pristine_git_object: 4f5648d456b5698588dd21f6efad9b03e635c4e1
  docs/models/components/fimcompletionstreamrequeststop.md:
    id: 4f4fa865ecc1
    last_write_checksum: sha1:2e272c6b48d948584ad912af2a3ef564aeda131c
    pristine_git_object: 12021bc429ddaf8633fcb3bf6642e4699aab015b
  docs/models/components/finishreason.md:
    id: b1d2c5516b64
    last_write_checksum: sha1:c2d7d0befb9b900c2c2df7760b82d80db206be43
    pristine_git_object: a0e47a10cc7da3400595b7c74728e7080abf6029
  docs/models/components/functioncall.md:
    id: eb7a964973d1
    last_write_checksum: sha1:474cc0b22ee4737b2c76ec789bd4efc0bd111524
    pristine_git_object: 326a14cb1d005ddd4e5137e623eabfb26f8b9c4a
  docs/models/components/functionname.md:
    id: 1adf1cd8fe07
    last_write_checksum: sha1:772373b63457c774cca55115be24f4c42dd86f89
    pristine_git_object: 4f592bc19273da75943256abe5dc898a02bbef54
  docs/models/components/functiont.md:
    id: bfdc5986cf06
    last_write_checksum: sha1:a3874cb1ae94d148aa1b18c9901d8c7a0a83e46e
    pristine_git_object: a82eb928bc77fa1f565f5e125aeb28d0784a7331
  docs/models/components/imageurl.md:
    id: 840dab502341
    last_write_checksum: sha1:c5cf8fd86482f5281d59742e932b0a4e471dccaf
    pristine_git_object: bf31d0848393a333e7da37b478bb47804f204a9d
  docs/models/components/imageurlchunk.md:
    id: 3531e3447e28
    last_write_checksum: sha1:36164368c46eb9dd9eb0871292132226c8d4b854
    pristine_git_object: 23e6300ae12498ec3e004ebe9a3f31d99cd74b7e
  docs/models/components/imageurlchunkimageurl.md:
    id: 9f21f4badd7b
    last_write_checksum: sha1:cb5dd6d535e106aad52c34a7a3b6cae7bc287be8
    pristine_git_object: 6b0520c0c249136a6b7a45fc13fa420001d2f2e0
  docs/models/components/imageurlchunktype.md:
    id: 2aa0bb8261eb
    last_write_checksum: sha1:aa4649345b43c7f5801238564746983904198b75
    pristine_git_object: 02800da1aebc70b37963e50b78ebc6ab597fef74
  docs/models/components/jsonschema.md:
    id: 72dd5fb37736
    last_write_checksum: sha1:c2073f2f44138d9ae807222008448840a72efe1a
    pristine_git_object: 7ffcd46d9187aaa49655a6c577387886ff17847e
  docs/models/components/loc.md:
    id: 18d5ad9b7905
    last_write_checksum: sha1:90f22159dce166dc139e5f864e03f6636247043c
    pristine_git_object: 74021dec4c4f63e59f376e89fccff69600521b03
  docs/models/components/messages.md:
    id: e4e892c4de07
    last_write_checksum: sha1:441443435eee336ef02acfb87b06ce52d827e538
    pristine_git_object: 44e7a796b8b563da9e00140274cbb69a3a3a05e4
  docs/models/components/mistralpromptmode.md:
    id: 3cbf35e1f638
    last_write_checksum: sha1:4e244199c4a68c12041e35f99493127dedddf073
    pristine_git_object: e52dfa19ef3f7aafb4c795087ef9c57cbecbd535
  docs/models/components/prediction.md:
    id: 89590d44c9ee
    last_write_checksum: sha1:89582b02319e17402f214e73bd11246084d34da2
    pristine_git_object: 7484e27aa28838d10f23a879b3f2f16b1c27f75a
  docs/models/components/referencechunk.md:
    id: 029a78502312
    last_write_checksum: sha1:b767b8a7410f35680002dff54f4a53f8d3eda6de
    pristine_git_object: 7c0e459ef7fd1bfa264a64919d432495815f4f96
  docs/models/components/referencechunktype.md:
    id: 84c4e74dbde8
    last_write_checksum: sha1:a6d6eee61735af6d447043c1c297e085fcd6d41e
    pristine_git_object: 3387fca8ff6d53c108568045b5664783fa838327
  docs/models/components/responseformat.md:
    id: a76821d25763
    last_write_checksum: sha1:fc49a305c7620ab279fce090dc972f75f81d8465
    pristine_git_object: 585995e960d24c51bb16900af5780ac240c7af62
  docs/models/components/responseformats.md:
    id: e69ea9c030a6
    last_write_checksum: sha1:7368d081b51da450932b30097fa90e77ea625b24
    pristine_git_object: a3e25b87d980f42217de54759bbc26a5ff1153dd
  docs/models/components/role.md:
    id: ab26d0e394ad
    last_write_checksum: sha1:167cc27b6806c4f5fba2e00853e789fc8a019745
    pristine_git_object: 73d494a9b8b192d4bebade5c17390c210948b2d9
  docs/models/components/security.md:
    id: 54906b49ea28
    last_write_checksum: sha1:d271336f96a0a17e252acd95dbf59622bbdce89b
    pristine_git_object: e0e9b8fe547b1aa5b5a5306a1031257d610282c7
  docs/models/components/stop.md:
    id: 7a22fbe78bb4
    last_write_checksum: sha1:85c351128649f86460b7b3735d24aa77e027a657
    pristine_git_object: bc9d30e0736cd4adbcc24e1990b9bc01deb45c5b
  docs/models/components/systemmessage.md:
    id: 45b15f176e51
    last_write_checksum: sha1:0362066816cb4a7ce8bd1119adea7026e5914666
    pristine_git_object: d82489c84548214c3566c6b37e6b4f2d10872f0e
  docs/models/components/systemmessagecontent.md:
    id: e67b74bb0ddd
    last_write_checksum: sha1:808771b666821dedd2442a3a74f723c5b3347fcd
    pristine_git_object: 7bfdb5b7904f24ea3791c3bb28c5b7744bba382b
  docs/models/components/systemmessagecontentchunks.md:
    id: 4d86716a5f90
    last_write_checksum: sha1:3ea0275a76fa23844d39d8ee33574a227816eb6c
    pristine_git_object: a6f0642f5dc23fbf8538cb77ba752b71229b46dc
  docs/models/components/textchunk.md:
    id: f3497c981e9c
    last_write_checksum: sha1:947c73dde3c18b90e5c241f15fceebe220c9f821
    pristine_git_object: a3cb8dcf934ec331cbf11b321bc299abdd7b0137
  docs/models/components/thinkchunk.md:
    id: 3debeaa48aa2
    last_write_checksum: sha1:465e790147fd5b0c71efa216a101a4879c06aa9f
    pristine_git_object: 13551dcce14b1f21406094a33c44154e71a71f50
  docs/models/components/thinkchunktype.md:
    id: 5dd6f9c44d90
    last_write_checksum: sha1:b5599c6b2ba1e0a91c12ea39c8cc5e46a861dd8d
    pristine_git_object: 0cc1ebc64cbf0196e5508c05bd47e20ba5c4f4a5
  docs/models/components/thinking.md:
    id: e9bb107645a1
    last_write_checksum: sha1:44da6aaaec2fd522f5cc13f3bb7e6c49fb7a322a
    pristine_git_object: 0e23944c5c8c5e94d28e5d0ed8a0d2c14e75ab33
  docs/models/components/tool.md:
    id: c514c7b3ef8a
    last_write_checksum: sha1:c7fe1d3a15ae35c5ad824c73734b232c411d477d
    pristine_git_object: a8cc6dec146b8a5d2f7895d2cefac1988807b56f
  docs/models/components/toolcall.md:
    id: e2d6451e2508
    last_write_checksum: sha1:ff51cbfa1ee3ebd062db259ee3b25b90087361e5
    pristine_git_object: 6478631730ad22e1dc43c2596328760b9c32e9da
  docs/models/components/toolchoice.md:
    id: c91f4ccbf84d
    last_write_checksum: sha1:ff6ffb887ef844c36bdd651136bcfbcef8809f21
    pristine_git_object: 32f505b9f54795d201fdefb310f79da7e6b385f5
  docs/models/components/toolchoiceenum.md:
    id: 11652137b752
    last_write_checksum: sha1:d1c6e86caae4e60405add2d37e5602f14c8b5f3c
    pristine_git_object: 6283aa364779c68ec1ea116f1fdbe596ffe6536b
  docs/models/components/toolmessage.md:
    id: 819672c25910
    last_write_checksum: sha1:6352f5d144ec22e14c80d5059c0bc15669c8e44e
    pristine_git_object: 15808bb125f04bc7dfacb093020fc52fa5bee6ef
  docs/models/components/toolmessagecontent.md:
    id: 8767095dcd15
    last_write_checksum: sha1:fa069be0475448c32a32f63a54c154b620ab3132
    pristine_git_object: 3acfc705c542704ba426ef3fce9b0c21d93a306b
  docs/models/components/toolmessagerole.md:
    id: 86e510c6e415
    last_write_checksum: sha1:00d445c81d9f12fae4a7b0d2fb8c5081cd874b0d
    pristine_git_object: 8322d1f42af9c6cb7684a985f215a099ce0387e0
  docs/models/components/tooltypes.md:
    id: 66eca537b17d
    last_write_checksum: sha1:571d113b772b054f2088a406f6758ff0294c79f3
    pristine_git_object: 64ea77d201c59824ac0468def5ca4a9edfbb1929
  docs/models/components/type.md:
    id: 9f07f2d18a9f
    last_write_checksum: sha1:a9476ad0f828a06928732aef086f6ede5b1f4835
    pristine_git_object: e14f9498f90147a7d08cb91c3198a76a6ec31057
  docs/models/components/usageinfo.md:
    id: c58ac7a88a68
    last_write_checksum: sha1:3183e70387673a6706fe3e38dc3bf53845444f5e
    pristine_git_object: b482d5dcc6ef241ebb17a24676d8cafa252ab0ad
  docs/models/components/usermessage.md:
    id: ee49436abe9d
    last_write_checksum: sha1:3f4c5c2029adbbfc146684cd8b2305fe6815c4d1
    pristine_git_object: e64d8cea42b262dd4d1caed7be6367c6f58eac90
  docs/models/components/usermessagecontent.md:
    id: 41dec4ad5c15
    last_write_checksum: sha1:7bcbd55415b97d123b624ac9c5406c0d07f4b412
    pristine_git_object: 22c7d880fdeb799df935af8532d0707e8bca753e
  docs/models/components/usermessagerole.md:
    id: 247ae903b9c7
    last_write_checksum: sha1:c7b84c43b30d75bb63cf6b7f160f1ccf48fcd2fc
    pristine_git_object: 0c9f3eefcb743e9568d95aabdd40bd7186b41467
  docs/models/components/validationerror.md:
    id: 23910fc567b1
    last_write_checksum: sha1:339deb90dbbbc3446fcc6f7e4b4e023396e52965
    pristine_git_object: 85e9c965ca54c39188aa7a7d187185f9ac2efd87
  docs/models/errors/httpvalidationerror.md:
    id: 9365601abbd7
    last_write_checksum: sha1:3657ac033c3d98d86e23b1c4af033c64b91a908e
    pristine_git_object: bc5d014f9788e26c8f2c585691310e914dec7c45
  eslint.config.mjs:
    id: 461c8d07f6da
    last_write_checksum: sha1:9398f326377fe47f67af2df6eb6370750c0790b4
    pristine_git_object: 67bccfec985be20a00970d90155752832dd47135
  examples/.env.template:
    id: 52cbe5afed92
    last_write_checksum: sha1:46baba889c34042d67b01cf9561275d4b94490a0
    pristine_git_object: 40fcbedf8fcd655fe9e21bae024b726bcb55e617
  examples/chatComplete.example.ts:
    id: 3f62c64aac77
    last_write_checksum: sha1:3a3c98beefed4b683394c0025667608719229ab1
    pristine_git_object: a9153de01fe474083fe4e3625ddb221efbf0dbf6
  examples/package.json:
    id: c1d7b0ec8e7e
    last_write_checksum: sha1:faf7a25c24097c31a36fb764478451ffd9cb53b1
    pristine_git_object: b980d03b01bdd2fbde1311b8ed1c05c0139f5296
  jsr.json:
    id: 7f6ab7767282
    last_write_checksum: sha1:0d06a0ea7caea18f1a2d8f972842d1dcce9fd376
    pristine_git_object: 4bdda1d5e323d5e8d25d17003db9c00f9f4f554a
  package.json:
    id: 7030d0b2f71b
    last_write_checksum: sha1:fbbf870c21add89219aec9314aa0500f65d86b09
    pristine_git_object: f1a4bd12da9d927187464585012f7b7e4c055c65
  src/core.ts:
    id: f431fdbcd144
    last_write_checksum: sha1:a48cc19405a479a1651729b8c5160065a0ead8d8
    pristine_git_object: a2cda6ddad73b57297bfbf77c5488a740393f6da
  src/funcs/chatComplete.ts:
    id: eeca9b29daf1
    last_write_checksum: sha1:b0b142123234bf8311d7d46768094d4defd0dda2
    pristine_git_object: 90413f919635227a9e1bbc6089991ad7b434d140
  src/funcs/chatStream.ts:
    id: 0235cb7f4556
    last_write_checksum: sha1:4f5d4bc52e45eb2a8c4c9225b0b28dc9da9462b6
    pristine_git_object: c03f73ce3fa426fa2e84ffc6921721b1bd2393ae
  src/funcs/fimComplete.ts:
    id: c7462c74f836
    last_write_checksum: sha1:ffb0b21b67a03df3b26de9c7724dfb4cb3c103b5
    pristine_git_object: 72127bf0530a74906235ae125b7db6bb23b7ffa5
  src/funcs/fimStream.ts:
    id: 43e7c371b174
    last_write_checksum: sha1:ad07b8e03eb068e9baa61cc28418791d7d30aa83
    pristine_git_object: 7988c6b5637dd96730be9c67fa828a085ead3136
  src/hooks/hooks.ts:
    id: a2463fc6f69b
    last_write_checksum: sha1:9a569ea8f3177ddcdfe6cd903feaf5c2d2c36a9a
    pristine_git_object: d34c88497fb1cfb22a725e52b4c218f36d0b5c8e
  src/hooks/index.ts:
    id: 5f2dab62b520
    last_write_checksum: sha1:1a11c073a6cd792932218e1d4ed36b8567bad8ef
    pristine_git_object: f60ec7acd76141a71d78008c5a362eb0236d8335
  src/hooks/types.ts:
    id: 2a02d86ec24f
    last_write_checksum: sha1:29372122898cc523fa47576f3f6608a28ec6080e
    pristine_git_object: 8bfe4fe8137138decea7af0a5ed791bf01201789
  src/index.ts:
    id: c5fb850250c7
    last_write_checksum: sha1:35c9cde3ae14b18b3f893a1afe8b6c44f8760f24
    pristine_git_object: dbcba164a0082e3bb8c43cf21fa7f8ffb9d35dfc
  src/lib/base64.ts:
    id: "598522066688"
    last_write_checksum: sha1:b0b12ddbd8625efb47c0e955a18641aeb10c6532
    pristine_git_object: 0aebd8b0a4867e35cb3348fc52921c3c0b4725b7
  src/lib/config.ts:
    id: 320761608fb3
    last_write_checksum: sha1:eb565f5e3f82b9f7283d3a0350f92ad26a230a33
    pristine_git_object: 31bdde11573b30a4398b18607b8a8837c4e59cd1
  src/lib/dlv.ts:
    id: b1988214835a
    last_write_checksum: sha1:1dd3e3fbb4550c4bf31f5ef997faff355d6f3250
    pristine_git_object: e81091f5e536f82739f71379b1fddc2d147c49e2
  src/lib/encodings.ts:
    id: 3bd8ead98afd
    last_write_checksum: sha1:d20c131976ab8ac68b22bdde2b7ed84b5b873922
    pristine_git_object: 31cd3733907afbee3641b9ab680ed417247a7d33
  src/lib/event-streams.ts:
    id: 3f731f808a79
    last_write_checksum: sha1:9bd5e2d69227a5d8e9bd934752f132f1d2b9de17
    pristine_git_object: 3897197423c15313b00f944a9dd6ffeafb3a0fe0
  src/lib/files.ts:
    id: e5efa54fcb95
    last_write_checksum: sha1:d0f325f445b8d22e7d73baf052c585ec2dd24841
    pristine_git_object: 0344cd046d033f9e8a55de02f7935c5cec5dc30b
  src/lib/http.ts:
    id: 63a80782d37e
    last_write_checksum: sha1:797cbf16d3c7c4d62d3ba0eedb08617524938457
    pristine_git_object: 13cf1fd7894a89f727b8d2db2ad24313a94f68c7
  src/lib/is-plain-object.ts:
    id: b9862591096a
    last_write_checksum: sha1:df687f25a9590b6fd95d39df41a652ae3fd4e517
    pristine_git_object: 61070d3d7c7e5e95b1ed7e7ea21869eb0767db77
  src/lib/logger.ts:
    id: 7ee7741a02bf
    last_write_checksum: sha1:0ec9d3a2a34c362746b767e4f9a746c055d57a7b
    pristine_git_object: d181f2937d4128afbe9b0327e0f81d1fa9c877b7
  src/lib/matchers.ts:
    id: d54b2253b719
    last_write_checksum: sha1:501c9dd11617b0146f04388f0f6a6dab974422b1
    pristine_git_object: 5e2e60be5ffc4ed787fab54bfcb7cafbc0e9aff2
  src/lib/primitives.ts:
    id: 74859f750b28
    last_write_checksum: sha1:987869fc54790b9c22e9182099103d6aa7c67016
    pristine_git_object: d21f1dc49affa4e6d324bdd60811b470fdfa7eb6
  src/lib/retries.ts:
    id: b24a69d15639
    last_write_checksum: sha1:f3da74dffcbe2756c69393f8600205aa1dc06e68
    pristine_git_object: e3ce9aba72150fc3c18f3105d39b21aba809377b
  src/lib/schemas.ts:
    id: deb4b531fae1
    last_write_checksum: sha1:209cfaabfa7fc1c1310f97453215cb0755619c6e
    pristine_git_object: 47edb9725c2482c667e2ddc8a56b1fec4285c492
  src/lib/sdks.ts:
    id: 8a6d91f1218d
    last_write_checksum: sha1:817fb5878a7fb65ad0c3c1bc0ef9d3fe31d258e1
    pristine_git_object: 8ba2a0f86d67ad3fcca907874e2f80ebbccf2d01
  src/lib/security.ts:
    id: 0502afa7922e
    last_write_checksum: sha1:094399c855aa9a143aecad9eb13308b084df1b0c
    pristine_git_object: af334ba899c229229080f7d356656ba762819c45
  src/lib/url.ts:
    id: b0057e24ed76
    last_write_checksum: sha1:d124050c7e755c0cce233b9e029afb584ff65201
    pristine_git_object: f3a8de6c021de59c991707946cd294596cae954d
  src/models/components/assistantmessage.ts:
    id: bec82e897296
    last_write_checksum: sha1:faac19a1715b4de82cf237d6a3c92dd414c787ec
    pristine_git_object: 3fe671f3d0663c7545536851922ded2ee5c8363c
  src/models/components/chatcompletionchoice.ts:
    id: e250f9cc1c26
    last_write_checksum: sha1:b5f45d453f35b21042446758835c0d7d69db569e
    pristine_git_object: e74fc2e29464771e61f94f6b93ea3c7945f64638
  src/models/components/chatcompletionrequest.ts:
    id: 847546c98ce5
    last_write_checksum: sha1:242c42b47c5de0074dca355c6dc6773a617a9fc9
    pristine_git_object: 2cf5c5b6acf83e679dd4d0b63364a6905493b2db
  src/models/components/chatcompletionresponse.ts:
    id: ae125693ab3a
    last_write_checksum: sha1:e19483078b4846688e5e8ed8244f33073e7779f5
    pristine_git_object: 091e7857f3a8827972f01722391d84d1b021065c
  src/models/components/chatcompletionstreamrequest.ts:
    id: acdd588275c9
    last_write_checksum: sha1:ed6420fff2660a1d70f6bba7f87500c4162053c5
    pristine_git_object: 8d6f4ce2a896a7c4d54a824384facdcabe2dc7ef
  src/models/components/completionchunk.ts:
    id: e5902853b31d
    last_write_checksum: sha1:c0787d463e08eb56a982a9f73adb699dfff18e72
    pristine_git_object: f61c85c2277181f1098b807d59562fac159e844f
  src/models/components/completionevent.ts:
    id: 539be5e83459
    last_write_checksum: sha1:00bad280b1943411f84ce4ff2fb5df4bc71fa28e
    pristine_git_object: 935d1b51726adb2097de3a8dc3d672c575c2880a
  src/models/components/completionresponsestreamchoice.ts:
    id: ffab2c2bc0eb
    last_write_checksum: sha1:df0ab58f74164319b2f1aa8035cc17c8925db6df
    pristine_git_object: 9c08ead70c86c28f657e7a2a5e3f28034dbbfcac
  src/models/components/contentchunk.ts:
    id: 4b4abd9fb606
    last_write_checksum: sha1:81cfbd7062f285f9ec7a0503829b40518b08e578
    pristine_git_object: 954e03e489d07a696c4468149a733dd37b853f5c
  src/models/components/deltamessage.ts:
    id: b782f07bc1ff
    last_write_checksum: sha1:7405d9fabbcdc325ede0b03b467b1882491de87a
    pristine_git_object: c3e171134a64e864c3ccbdff11547d9232b44736
  src/models/components/fimcompletionrequest.ts:
    id: e01a16ab4844
    last_write_checksum: sha1:f490c43723f6c90f9abfcb959cde5c02cd4a0d63
    pristine_git_object: ec41c50a563720e6dfd61473de93cfbb8fbcbe55
  src/models/components/fimcompletionresponse.ts:
    id: 5b70e6a35393
    last_write_checksum: sha1:200537ef2b5b6bcc2ccba51efee2d67f749afaf0
    pristine_git_object: 2393086660260f8aef9b8f24a8b3314b2dcb101c
  src/models/components/fimcompletionstreamrequest.ts:
    id: d5ff1097f390
    last_write_checksum: sha1:cdebee4a7850078034e8162d3f1b5f5f1c80e3ef
    pristine_git_object: a09c85623a3d867db6a317e52e58c0f3bef3c4d4
  src/models/components/function.ts:
    id: e30294bb59e8
    last_write_checksum: sha1:cb2f435df3d59587a568134f29a677b9bd763409
    pristine_git_object: 6e2a88461db198f7a2a24ced3cbb4047a859cc4c
  src/models/components/functioncall.ts:
    id: 6ce7f8eda9ad
    last_write_checksum: sha1:de43dbfd6086425b46d51d7516a34ccadb079e6c
    pristine_git_object: 140fde2245fd3ae05a030a97c748a9df9ab1ec79
  src/models/components/functionname.ts:
    id: 223302c05c4b
    last_write_checksum: sha1:c1a30ba3677647667e04c7d5863accd5dc25c145
    pristine_git_object: bcf05decb5e8b39146f4686043722ae029027841
  src/models/components/imageurl.ts:
    id: c9beefa1092d
    last_write_checksum: sha1:b3cfb7c22c39ff55b00f0dbbede0abf1b9acd063
    pristine_git_object: 1dcb8d2cb9983531f5b06426ee471c86bb03ced6
  src/models/components/imageurlchunk.ts:
    id: 3512371b613d
    last_write_checksum: sha1:7eb792a14da8db02fa8f83acc38951843549bacb
    pristine_git_object: 7436db903de062a457df33b89c2aaffadc2ec280
  src/models/components/index.ts:
    id: 0aa842dce54d
    last_write_checksum: sha1:68bea540e63674335e3e2b23224be01c1732935e
    pristine_git_object: 552bf5288aa5fc35e6fce6e4b309d5aa1313f407
  src/models/components/jsonschema.ts:
    id: 056fe2c05c86
    last_write_checksum: sha1:01444725b63bd317cfa5bd8710371f8a3d0251a9
    pristine_git_object: 8bebc7bdbdbb3e4426667cd94b90211d04f24acd
  src/models/components/mistralpromptmode.ts:
    id: 3a574aa9d5a5
    last_write_checksum: sha1:d1acc003d7a3372d5af5202fc16fbce2f3a7e40f
    pristine_git_object: 8afa00d4ee0ce81f5a0a6915f5e23d18ea85cae2
  src/models/components/prediction.ts:
    id: 74bf3ed40b32
    last_write_checksum: sha1:c6d4f599313c8c80a0084c6dc9ced5cadf47ebd7
    pristine_git_object: 1c1d8430ded59fa87f037613b32469225915434c
  src/models/components/referencechunk.ts:
    id: f898c270cc77
    last_write_checksum: sha1:00e7e50f04a0dd3b97c32dd8ee0310cfc85bf7cc
    pristine_git_object: d97cf0419b89065a31d323835c5e74f69ea1cf7a
  src/models/components/responseformat.ts:
    id: 20da8e33491e
    last_write_checksum: sha1:1bd6b9afb5d4a022bcedb406812fec2432b08083
    pristine_git_object: 9419703afdf7f3522004bfe8b87590c044558617
  src/models/components/responseformats.ts:
    id: 8644c3a1bbe0
    last_write_checksum: sha1:7e0d2ebf0aa70bcc6c3ae849a59979df4904d5dc
    pristine_git_object: 6e97f1b0405f966157f25f6dba6795bb9ea21b10
  src/models/components/security.ts:
    id: 472dde81bb1c
    last_write_checksum: sha1:a933e546ee7de3e884e681ebd6b493d91875ea0f
    pristine_git_object: 75f907e4c7538d4114857de0d83328d9721a3643
  src/models/components/systemmessage.ts:
    id: 1fc1b0454261
    last_write_checksum: sha1:75a2caa075b68ea3c1745ef83465adfb7bf420b9
    pristine_git_object: 2ba6db0d7083d9ec686e5c2f574694f008638689
  src/models/components/systemmessagecontentchunks.ts:
    id: 329f0d051bdb
    last_write_checksum: sha1:fae491ccd8bb12314c0fb19ea911811cbc4258d0
    pristine_git_object: d5bc73113d719493a27a5b3f9c477ad6356929a5
  src/models/components/textchunk.ts:
    id: b6143be31167
    last_write_checksum: sha1:955569ac05fd50382a6e9d60c576fb623100ea6b
    pristine_git_object: 7b8c07e1c422942791d455989ec7e3d4ffe5f6ac
  src/models/components/thinkchunk.ts:
    id: 18d2ae0c1a0c
    last_write_checksum: sha1:506b28f04154cb252da78c0038c4dd06ae84d129
    pristine_git_object: fced5fde377e3dedcd6815faf9a0f203a2addd30
  src/models/components/tool.ts:
    id: 03d25d0a5e59
    last_write_checksum: sha1:bf33ba498607e4662b82c8adb48f0147dd355795
    pristine_git_object: 0a9cfa308937ab089de46e7e2614acac4395a6df
  src/models/components/toolcall.ts:
    id: df1371f4f11e
    last_write_checksum: sha1:9bc4ea94e769f8223047c1607f2bab67334bcc42
    pristine_git_object: 05fcf47f835373405b3abbe756729ffe1fefa09c
  src/models/components/toolchoice.ts:
    id: 1dab54ce95e6
    last_write_checksum: sha1:6420f543d39c331c76db026bf32fbd9c932caaab
    pristine_git_object: c79d4e26bb9cddaf2f1a746e9ce6bce01721d80f
  src/models/components/toolchoiceenum.ts:
    id: 0b9910001bd2
    last_write_checksum: sha1:d51bbeb6e322e393d840d40b52bc1834c55be2cc
    pristine_git_object: 13b546667f87bab05ae39aa6988314fc95cb8d10
  src/models/components/toolmessage.ts:
    id: 5d322ff91b16
    last_write_checksum: sha1:27e85d56b5a2f26e0f8592dad868b3a568c2fa1e
    pristine_git_object: ac91d8adefc328b792b6f73be78db2805e27aaab
  src/models/components/tooltypes.ts:
    id: f2c85fef8f6a
    last_write_checksum: sha1:ae22fb7caba8084980f7ffe67d75b345f89210ff
    pristine_git_object: 3a797a5575fe8649a827ed7f39d95b10b756f69d
  src/models/components/usageinfo.ts:
    id: 87d456fca1b2
    last_write_checksum: sha1:caef7dad957701a6083672ecca4a7dde0114d5fa
    pristine_git_object: c52a3932840c57780dedcb4982ebb50af8d5579f
  src/models/components/usermessage.ts:
    id: 72d548a2240a
    last_write_checksum: sha1:1c94e1a665bb0877d65649b1772e5e9cb5ce70ad
    pristine_git_object: 6c3574e8112d46e539b098b082e9ad99f76e5958
  src/models/components/validationerror.ts:
    id: 7f5955a97454
    last_write_checksum: sha1:9994c188685cbe95366b44ac46cb718a1dea9463
    pristine_git_object: 380b8bdfbd38cb675f48242f3e7baa4302fa3756
  src/models/errors/httpclienterrors.ts:
    id: 6948de76af99
    last_write_checksum: sha1:994ced121c54fecd0af038ccfb7855fbfd3868ec
    pristine_git_object: b34f612124c797c2a1106b9735708f679a90b74f
  src/models/errors/httpvalidationerror.ts:
    id: 44b2b6ab528a
    last_write_checksum: sha1:ae6c80db3ce4b7b035138bd113fb3e0dea057d3f
    pristine_git_object: 9cfa868dd787d57ec53ffc16c1e1f50e7448d17d
  src/models/errors/index.ts:
    id: c4e22507cb83
    last_write_checksum: sha1:502fabf6f22407c43963459ecb1f414c643e9567
    pristine_git_object: e96566fc0f9033046a18632fc8f3d9da0f3da34c
  src/models/errors/mistralgoogleclouderror.ts:
    id: 74d886a96646
    last_write_checksum: sha1:2d721be32c61f2d22695843867eced613232aaa6
    pristine_git_object: 2b9e3e7f2d16f87816fe876af221a46ec3a202a1
  src/models/errors/responsevalidationerror.ts:
    id: 88ff98a41be9
    last_write_checksum: sha1:16613ad7f5d4a479db09d9c1e7fad0bec7caf650
    pristine_git_object: 1857abaaff6ef44d233dc4ecdcf9d0b64cf5b701
  src/models/errors/sdkerror.ts:
    id: 3d4212e33e26
    last_write_checksum: sha1:cc9a64d79e631aa727effe007d158b1a4115d964
    pristine_git_object: e29697920f06b585a3bbe51fce5a1f709c38aa6e
  src/models/errors/sdkvalidationerror.ts:
    id: fb6b2b49c445
    last_write_checksum: sha1:a69da17627bcc32b820544608f3400423ea53f26
    pristine_git_object: 6826e1208a5d7b7d310535d18909646522bf0fbd
  src/sdk/chat.ts:
    id: c56babc22a20
    last_write_checksum: sha1:1763d421179b6a0b7c52f1c49510f51a4a2ffc65
    pristine_git_object: 3ce441044018d3529045d24c52644804c24e0073
  src/sdk/fim.ts:
    id: 2aa1080387e7
    last_write_checksum: sha1:dec83e088cfe1546517938df7a7d60d97d86f4bd
    pristine_git_object: 782e0d65ab0c73fd42e7107829c6b0db65cfd8b5
  src/sdk/index.ts:
    id: a857902a703f
    last_write_checksum: sha1:ed6d64f2a6135349aa8498b8d8cff9ba85c7fb8f
    pristine_git_object: ecac2264817bb369ff2dbf0f0e9029807e67ff77
  src/types/async.ts:
    id: fac8da972f86
    last_write_checksum: sha1:3ff07b3feaf390ec1aeb18ff938e139c6c4a9585
    pristine_git_object: 689dba5de50e8769e5f3bb913e3f42a146d15bc1
  src/types/blobs.ts:
    id: f8ab9b326c86
    last_write_checksum: sha1:cf45d78916671cb6345a11c97c633c64402bc27c
    pristine_git_object: cce2892d4f573a120ef3907db90ab15f5979cfda
  src/types/constdatetime.ts:
    id: 0f7b6f513917
    last_write_checksum: sha1:dfaaf9adfaf49808bd4c9dea0039f21b7088d9c0
    pristine_git_object: fe62144eaf6a2054fc8ca9a98466e70f41b5434d
  src/types/enums.ts:
    id: 4d03ddfe5100
    last_write_checksum: sha1:ee590453d2c87e33e89c633d37ee46907eca0e58
    pristine_git_object: aba0ffd2a3308a31e516d83b52823d80aa65a8f9
  src/types/fp.ts:
    id: ae9f0fb8aab6
    last_write_checksum: sha1:d24994d58f37a1ca106847fcc6d2e976c6f1c093
    pristine_git_object: ccbe51eac69dfb0da5131f14fd753c4b47c1d527
  src/types/index.ts:
    id: cd7a0a5ed005
    last_write_checksum: sha1:bf43b3dccb960ca9ae9c5ab940da4786255881cd
    pristine_git_object: abf0b7ab8f196829df8946da40d627a46da68e3c
  src/types/operations.ts:
    id: 314da01dca47
    last_write_checksum: sha1:c49e724cfb1259296381cb57bc0fcdd2eae45865
    pristine_git_object: beb81e10f0b9eee2ed398a853fe6f737b743f818
  src/types/rfcdate.ts:
    id: 9eb64906dcd6
    last_write_checksum: sha1:8e5f382e02fe21c2f2e24deb1b7bbf8cddd3dd16
    pristine_git_object: c79b3f53a3dd922aa2ace5a4191c8652cf9a8e89
  src/types/streams.ts:
    id: f99be9c4bf14
    last_write_checksum: sha1:cc9ced2dd34a76c3a1bd7784ccda1cc3b37ab9a9
    pristine_git_object: a0163e7a99cea88f21d0ad4ce3af1c720180ee20
  src/types/unrecognized.ts:
    id: 476605c40716
    last_write_checksum: sha1:d33ac686528492f4cdc0dbf81ed343b4afe020fe
    pristine_git_object: b7a2a13f3dff50663429df24ae2f55b647ff1084
  tsconfig.json:
    id: 61ebb9fd6e8c
    last_write_checksum: sha1:c3ec7996536cdb9a54319e7d1eb3b199b733d34c
    pristine_git_object: 0ccdbe286a8780e06a469a9eb7e2fb95322fd507
examples:
  stream_chat:
    speakeasy-default-stream-chat:
      requestBody:
        application/json: {"model": "mistral-large-latest", "stream": true, "messages": [{"content": "Who is the best French painter? Answer in one short sentence.", "role": "user"}], "response_format": {"type": "text"}}
      responses:
        "422":
          application/json: {}
  chat_completion_v1_chat_completions_post:
    speakeasy-default-chat-completion-v1-chat-completions-post:
      requestBody:
        application/json: {"model": "mistral-large-latest", "stream": false, "messages": [{"content": "Who is the best French painter? Answer in one short sentence.", "role": "user"}], "response_format": {"type": "text"}}
      responses:
        "200":
          application/json: {"id": "cmpl-e5cc70bb28c444948073e77776eb30ef", "object": "chat.completion", "model": "mistral-small-latest", "usage": {"prompt_tokens": 0, "completion_tokens": 0, "total_tokens": 0}, "created": 1702256327, "choices": []}
        "422":
          application/json: {}
  stream_fim:
    speakeasy-default-stream-fim:
      requestBody:
        application/json: {"model": "codestral-latest", "top_p": 1, "stream": true, "prompt": "def", "suffix": "return a+b"}
      responses:
        "422":
          application/json: {}
  fim_completion_v1_fim_completions_post:
    userExample:
      requestBody:
        application/json: {"model": "codestral-latest", "top_p": 1, "stream": false, "prompt": "def", "suffix": "return a+b"}
      responses:
        "200":
          application/json: {"id": "447e3e0d457e42e98248b5d2ef52a2a3", "object": "chat.completion", "model": "codestral-2508", "usage": {"prompt_tokens": 8, "completion_tokens": 91, "total_tokens": 99}, "created": 1759496862, "choices": [{"index": 0, "message": {"content": "add_numbers(a: int, b: int) -> int:\n    \"\"\"\n    You are given two integers `a` and `b`. Your task is to write a function that\n    returns the sum of these two integers. The function should be implemented in a\n    way that it can handle very large integers (up to 10^18). As a reminder, your\n    code has to be in python\n    \"\"\"\n", "tool_calls": null, "prefix": false, "role": "assistant"}, "finish_reason": "stop"}]}
examplesVersion: 1.0.2
generatedTests: {}
generatedFiles:
  - .gitattributes
  - .npmignore
  - FUNCTIONS.md
  - RUNTIMES.md
  - docs/lib/utils/retryconfig.md
  - docs/models/components/arguments.md
  - docs/models/components/assistantmessage.md
  - docs/models/components/assistantmessagecontent.md
  - docs/models/components/assistantmessagerole.md
  - docs/models/components/chatcompletionchoice.md
  - docs/models/components/chatcompletionchoicefinishreason.md
  - docs/models/components/chatcompletionrequest.md
  - docs/models/components/chatcompletionrequestmessages.md
  - docs/models/components/chatcompletionrequeststop.md
  - docs/models/components/chatcompletionrequesttoolchoice.md
  - docs/models/components/chatcompletionresponse.md
  - docs/models/components/chatcompletionstreamrequest.md
  - docs/models/components/chatcompletionstreamrequesttoolchoice.md
  - docs/models/components/completionchunk.md
  - docs/models/components/completionevent.md
  - docs/models/components/completionresponsestreamchoice.md
  - docs/models/components/content.md
  - docs/models/components/contentchunk.md
  - docs/models/components/deltamessage.md
  - docs/models/components/fimcompletionrequest.md
  - docs/models/components/fimcompletionrequeststop.md
  - docs/models/components/fimcompletionresponse.md
  - docs/models/components/fimcompletionstreamrequest.md
  - docs/models/components/fimcompletionstreamrequeststop.md
  - docs/models/components/finishreason.md
  - docs/models/components/functioncall.md
  - docs/models/components/functionname.md
  - docs/models/components/functiont.md
  - docs/models/components/imageurl.md
  - docs/models/components/imageurlchunk.md
  - docs/models/components/imageurlchunkimageurl.md
  - docs/models/components/imageurlchunktype.md
  - docs/models/components/jsonschema.md
  - docs/models/components/loc.md
  - docs/models/components/messages.md
  - docs/models/components/mistralpromptmode.md
  - docs/models/components/prediction.md
  - docs/models/components/referencechunk.md
  - docs/models/components/referencechunktype.md
  - docs/models/components/responseformat.md
  - docs/models/components/responseformats.md
  - docs/models/components/role.md
  - docs/models/components/security.md
  - docs/models/components/stop.md
  - docs/models/components/systemmessage.md
  - docs/models/components/systemmessagecontent.md
  - docs/models/components/systemmessagecontentchunks.md
  - docs/models/components/textchunk.md
  - docs/models/components/thinkchunk.md
  - docs/models/components/thinkchunktype.md
  - docs/models/components/thinking.md
  - docs/models/components/tool.md
  - docs/models/components/toolcall.md
  - docs/models/components/toolchoice.md
  - docs/models/components/toolchoiceenum.md
  - docs/models/components/toolmessage.md
  - docs/models/components/toolmessagecontent.md
  - docs/models/components/toolmessagerole.md
  - docs/models/components/tooltypes.md
  - docs/models/components/type.md
  - docs/models/components/usageinfo.md
  - docs/models/components/usermessage.md
  - docs/models/components/usermessagecontent.md
  - docs/models/components/usermessagerole.md
  - docs/models/components/validationerror.md
  - docs/models/errors/httpvalidationerror.md
  - eslint.config.mjs
  - examples/.env.template
  - examples/chatComplete.example.ts
  - examples/package.json
  - jsr.json
  - package.json
  - src/core.ts
  - src/funcs/chatComplete.ts
  - src/funcs/chatStream.ts
  - src/funcs/fimComplete.ts
  - src/funcs/fimStream.ts
  - src/hooks/hooks.ts
  - src/hooks/index.ts
  - src/hooks/types.ts
  - src/index.ts
  - src/lib/base64.ts
  - src/lib/config.ts
  - src/lib/dlv.ts
  - src/lib/encodings.ts
  - src/lib/event-streams.ts
  - src/lib/files.ts
  - src/lib/http.ts
  - src/lib/is-plain-object.ts
  - src/lib/logger.ts
  - src/lib/matchers.ts
  - src/lib/primitives.ts
  - src/lib/retries.ts
  - src/lib/schemas.ts
  - src/lib/sdks.ts
  - src/lib/security.ts
  - src/lib/url.ts
  - src/models/components/assistantmessage.ts
  - src/models/components/chatcompletionchoice.ts
  - src/models/components/chatcompletionrequest.ts
  - src/models/components/chatcompletionresponse.ts
  - src/models/components/chatcompletionstreamrequest.ts
  - src/models/components/completionchunk.ts
  - src/models/components/completionevent.ts
  - src/models/components/completionresponsestreamchoice.ts
  - src/models/components/contentchunk.ts
  - src/models/components/deltamessage.ts
  - src/models/components/fimcompletionrequest.ts
  - src/models/components/fimcompletionresponse.ts
  - src/models/components/fimcompletionstreamrequest.ts
  - src/models/components/function.ts
  - src/models/components/functioncall.ts
  - src/models/components/functionname.ts
  - src/models/components/imageurl.ts
  - src/models/components/imageurlchunk.ts
  - src/models/components/index.ts
  - src/models/components/jsonschema.ts
  - src/models/components/mistralpromptmode.ts
  - src/models/components/prediction.ts
  - src/models/components/referencechunk.ts
  - src/models/components/responseformat.ts
  - src/models/components/responseformats.ts
  - src/models/components/security.ts
  - src/models/components/systemmessage.ts
  - src/models/components/systemmessagecontentchunks.ts
  - src/models/components/textchunk.ts
  - src/models/components/thinkchunk.ts
  - src/models/components/tool.ts
  - src/models/components/toolcall.ts
  - src/models/components/toolchoice.ts
  - src/models/components/toolchoiceenum.ts
  - src/models/components/toolmessage.ts
  - src/models/components/tooltypes.ts
  - src/models/components/usageinfo.ts
  - src/models/components/usermessage.ts
  - src/models/components/validationerror.ts
  - src/models/errors/httpclienterrors.ts
  - src/models/errors/httpvalidationerror.ts
  - src/models/errors/index.ts
  - src/models/errors/mistralgoogleclouderror.ts
  - src/models/errors/responsevalidationerror.ts
  - src/models/errors/sdkerror.ts
  - src/models/errors/sdkvalidationerror.ts
  - src/sdk/chat.ts
  - src/sdk/fim.ts
  - src/sdk/index.ts
  - src/types/async.ts
  - src/types/blobs.ts
  - src/types/constdatetime.ts
  - src/types/enums.ts
  - src/types/fp.ts
  - src/types/index.ts
  - src/types/operations.ts
  - src/types/rfcdate.ts
  - src/types/streams.ts
  - tsconfig.json
